// !$*UTF8*$!
{
	archiveVersion = 1;
	classes = {
	};
	objectVersion = 55;
	objects = {

/* Begin PBXBuildFile section */
		040D447C28ED895B0056A5A9 /* HealthKit.framework in Frameworks */ = {isa = PBXBuildFile; fileRef = 040D447B28ED895B0056A5A9 /* HealthKit.framework */; };
		0433B58128ED768100B821EF /* HealthKit.framework in Frameworks */ = {isa = PBXBuildFile; fileRef = 0433B58028ED768100B821EF /* HealthKit.framework */; };
		0433B58428ED76B900B821EF /* HealthKitManger.swift in Sources */ = {isa = PBXBuildFile; fileRef = 0433B58328ED76B900B821EF /* HealthKitManger.swift */; };
		0433B58528ED76B900B821EF /* HealthKitManger.swift in Sources */ = {isa = PBXBuildFile; fileRef = 0433B58328ED76B900B821EF /* HealthKitManger.swift */; };
		048E5DB628EFD8B800F9E1D8 /* HealthRecordViewController.swift in Sources */ = {isa = PBXBuildFile; fileRef = 048E5DB428EFD8B800F9E1D8 /* HealthRecordViewController.swift */; };
		048E5DB928EFD9D400F9E1D8 /* HealthRecord.storyboard in Resources */ = {isa = PBXBuildFile; fileRef = 048E5DB828EFD9D400F9E1D8 /* HealthRecord.storyboard */; };
		048E5DBB28EFDCF900F9E1D8 /* HealthRecordViewModel.swift in Sources */ = {isa = PBXBuildFile; fileRef = 048E5DBA28EFDCF900F9E1D8 /* HealthRecordViewModel.swift */; };
		04B7E44428EAE6F70019A4F3 /* AppDelegate.swift in Sources */ = {isa = PBXBuildFile; fileRef = 04B7E44328EAE6F70019A4F3 /* AppDelegate.swift */; };
		04B7E44628EAE6F70019A4F3 /* SceneDelegate.swift in Sources */ = {isa = PBXBuildFile; fileRef = 04B7E44528EAE6F70019A4F3 /* SceneDelegate.swift */; };
		04B7E44828EAE6F70019A4F3 /* ViewController.swift in Sources */ = {isa = PBXBuildFile; fileRef = 04B7E44728EAE6F70019A4F3 /* ViewController.swift */; };
		04B7E44B28EAE6F70019A4F3 /* Main.storyboard in Resources */ = {isa = PBXBuildFile; fileRef = 04B7E44928EAE6F70019A4F3 /* Main.storyboard */; };
		04B7E44D28EAE6F90019A4F3 /* Assets.xcassets in Resources */ = {isa = PBXBuildFile; fileRef = 04B7E44C28EAE6F90019A4F3 /* Assets.xcassets */; };
		04B7E45028EAE6F90019A4F3 /* LaunchScreen.storyboard in Resources */ = {isa = PBXBuildFile; fileRef = 04B7E44E28EAE6F90019A4F3 /* LaunchScreen.storyboard */; };
		04B7E45528EAE6F90019A4F3 /* WarmUpKitMobile WatchKit App.app in Embed Watch Content */ = {isa = PBXBuildFile; fileRef = 04B7E45428EAE6F90019A4F3 /* WarmUpKitMobile WatchKit App.app */; settings = {ATTRIBUTES = (RemoveHeadersOnCopy, ); }; };
		04B7E45B28EAE6F90019A4F3 /* Interface.storyboard in Resources */ = {isa = PBXBuildFile; fileRef = 04B7E45928EAE6F90019A4F3 /* Interface.storyboard */; };
		04B7E45D28EAE6FA0019A4F3 /* Assets.xcassets in Resources */ = {isa = PBXBuildFile; fileRef = 04B7E45C28EAE6FA0019A4F3 /* Assets.xcassets */; };
		04B7E46328EAE6FA0019A4F3 /* WarmUpKitMobile WatchKit Extension.appex in Embed App Extensions */ = {isa = PBXBuildFile; fileRef = 04B7E46228EAE6FA0019A4F3 /* WarmUpKitMobile WatchKit Extension.appex */; settings = {ATTRIBUTES = (RemoveHeadersOnCopy, ); }; };
		04B7E46828EAE6FA0019A4F3 /* InterfaceController.swift in Sources */ = {isa = PBXBuildFile; fileRef = 04B7E46728EAE6FA0019A4F3 /* InterfaceController.swift */; };
		04B7E46A28EAE6FA0019A4F3 /* ExtensionDelegate.swift in Sources */ = {isa = PBXBuildFile; fileRef = 04B7E46928EAE6FA0019A4F3 /* ExtensionDelegate.swift */; };
		04B7E46C28EAE6FA0019A4F3 /* NotificationController.swift in Sources */ = {isa = PBXBuildFile; fileRef = 04B7E46B28EAE6FA0019A4F3 /* NotificationController.swift */; };
		04B7E46E28EAE6FA0019A4F3 /* ComplicationController.swift in Sources */ = {isa = PBXBuildFile; fileRef = 04B7E46D28EAE6FA0019A4F3 /* ComplicationController.swift */; };
		04B7E47028EAE6FB0019A4F3 /* Assets.xcassets in Resources */ = {isa = PBXBuildFile; fileRef = 04B7E46F28EAE6FB0019A4F3 /* Assets.xcassets */; };
		04FA98D728F1783000C117C2 /* InfoViewController.swift in Sources */ = {isa = PBXBuildFile; fileRef = 04FA98D628F1783000C117C2 /* InfoViewController.swift */; };
		04FA98DB28F188A700C117C2 /* HomePageViewController.swift in Sources */ = {isa = PBXBuildFile; fileRef = 04FA98DA28F188A700C117C2 /* HomePageViewController.swift */; };
		04FA98DE28F188C700C117C2 /* HomePageViewModel.swift in Sources */ = {isa = PBXBuildFile; fileRef = 04FA98DD28F188C700C117C2 /* HomePageViewModel.swift */; };
		04FA98E128F194F400C117C2 /* ColorCode.swift in Sources */ = {isa = PBXBuildFile; fileRef = 04FA98E028F194F400C117C2 /* ColorCode.swift */; };
/* End PBXBuildFile section */

/* Begin PBXContainerItemProxy section */
		04B7E45628EAE6F90019A4F3 /* PBXContainerItemProxy */ = {
			isa = PBXContainerItemProxy;
			containerPortal = 04B7E43828EAE6F70019A4F3 /* Project object */;
			proxyType = 1;
			remoteGlobalIDString = 04B7E45328EAE6F90019A4F3;
			remoteInfo = "WarmUpKitMobile WatchKit App";
		};
		04B7E46428EAE6FA0019A4F3 /* PBXContainerItemProxy */ = {
			isa = PBXContainerItemProxy;
			containerPortal = 04B7E43828EAE6F70019A4F3 /* Project object */;
			proxyType = 1;
			remoteGlobalIDString = 04B7E46128EAE6FA0019A4F3;
			remoteInfo = "WarmUpKitMobile WatchKit Extension";
		};
/* End PBXContainerItemProxy section */

/* Begin PBXCopyFilesBuildPhase section */
		04B7E47828EAE6FB0019A4F3 /* Embed App Extensions */ = {
			isa = PBXCopyFilesBuildPhase;
			buildActionMask = 2147483647;
			dstPath = "";
			dstSubfolderSpec = 13;
			files = (
				04B7E46328EAE6FA0019A4F3 /* WarmUpKitMobile WatchKit Extension.appex in Embed App Extensions */,
			);
			name = "Embed App Extensions";
			runOnlyForDeploymentPostprocessing = 0;
		};
		04B7E47C28EAE6FB0019A4F3 /* Embed Watch Content */ = {
			isa = PBXCopyFilesBuildPhase;
			buildActionMask = 2147483647;
			dstPath = "$(CONTENTS_FOLDER_PATH)/Watch";
			dstSubfolderSpec = 16;
			files = (
				04B7E45528EAE6F90019A4F3 /* WarmUpKitMobile WatchKit App.app in Embed Watch Content */,
			);
			name = "Embed Watch Content";
			runOnlyForDeploymentPostprocessing = 0;
		};
/* End PBXCopyFilesBuildPhase section */

/* Begin PBXFileReference section */
		040D447A28ED895B0056A5A9 /* WarmUpKitMobile WatchKit Extension.entitlements */ = {isa = PBXFileReference; lastKnownFileType = text.plist.entitlements; path = "WarmUpKitMobile WatchKit Extension.entitlements"; sourceTree = "<group>"; };
		040D447B28ED895B0056A5A9 /* HealthKit.framework */ = {isa = PBXFileReference; lastKnownFileType = wrapper.framework; name = HealthKit.framework; path = Platforms/WatchOS.platform/Developer/SDKs/WatchOS8.3.sdk/System/Library/Frameworks/HealthKit.framework; sourceTree = DEVELOPER_DIR; };
		0433B57E28ED768100B821EF /* WarmUpKitMobile.entitlements */ = {isa = PBXFileReference; lastKnownFileType = text.plist.entitlements; path = WarmUpKitMobile.entitlements; sourceTree = "<group>"; };
		0433B58028ED768100B821EF /* HealthKit.framework */ = {isa = PBXFileReference; lastKnownFileType = wrapper.framework; name = HealthKit.framework; path = Platforms/iPhoneOS.platform/Developer/SDKs/iPhoneOS15.2.sdk/System/Library/Frameworks/HealthKit.framework; sourceTree = DEVELOPER_DIR; };
		0433B58328ED76B900B821EF /* HealthKitManger.swift */ = {isa = PBXFileReference; lastKnownFileType = sourcecode.swift; path = HealthKitManger.swift; sourceTree = "<group>"; };
		048E5DB428EFD8B800F9E1D8 /* HealthRecordViewController.swift */ = {isa = PBXFileReference; lastKnownFileType = sourcecode.swift; path = HealthRecordViewController.swift; sourceTree = "<group>"; };
		048E5DB828EFD9D400F9E1D8 /* HealthRecord.storyboard */ = {isa = PBXFileReference; lastKnownFileType = file.storyboard; path = HealthRecord.storyboard; sourceTree = "<group>"; };
		048E5DBA28EFDCF900F9E1D8 /* HealthRecordViewModel.swift */ = {isa = PBXFileReference; lastKnownFileType = sourcecode.swift; path = HealthRecordViewModel.swift; sourceTree = "<group>"; };
		04B7E44028EAE6F70019A4F3 /* WarmUpKitMobile.app */ = {isa = PBXFileReference; explicitFileType = wrapper.application; includeInIndex = 0; path = WarmUpKitMobile.app; sourceTree = BUILT_PRODUCTS_DIR; };
		04B7E44328EAE6F70019A4F3 /* AppDelegate.swift */ = {isa = PBXFileReference; lastKnownFileType = sourcecode.swift; path = AppDelegate.swift; sourceTree = "<group>"; };
		04B7E44528EAE6F70019A4F3 /* SceneDelegate.swift */ = {isa = PBXFileReference; lastKnownFileType = sourcecode.swift; path = SceneDelegate.swift; sourceTree = "<group>"; };
		04B7E44728EAE6F70019A4F3 /* ViewController.swift */ = {isa = PBXFileReference; lastKnownFileType = sourcecode.swift; path = ViewController.swift; sourceTree = "<group>"; };
		04B7E44A28EAE6F70019A4F3 /* Base */ = {isa = PBXFileReference; lastKnownFileType = file.storyboard; name = Base; path = Base.lproj/Main.storyboard; sourceTree = "<group>"; };
		04B7E44C28EAE6F90019A4F3 /* Assets.xcassets */ = {isa = PBXFileReference; lastKnownFileType = folder.assetcatalog; path = Assets.xcassets; sourceTree = "<group>"; };
		04B7E44F28EAE6F90019A4F3 /* Base */ = {isa = PBXFileReference; lastKnownFileType = file.storyboard; name = Base; path = Base.lproj/LaunchScreen.storyboard; sourceTree = "<group>"; };
		04B7E45128EAE6F90019A4F3 /* Info.plist */ = {isa = PBXFileReference; lastKnownFileType = text.plist.xml; path = Info.plist; sourceTree = "<group>"; };
		04B7E45428EAE6F90019A4F3 /* WarmUpKitMobile WatchKit App.app */ = {isa = PBXFileReference; explicitFileType = wrapper.application; includeInIndex = 0; path = "WarmUpKitMobile WatchKit App.app"; sourceTree = BUILT_PRODUCTS_DIR; };
		04B7E45A28EAE6F90019A4F3 /* Base */ = {isa = PBXFileReference; lastKnownFileType = file.storyboard; name = Base; path = Base.lproj/Interface.storyboard; sourceTree = "<group>"; };
		04B7E45C28EAE6FA0019A4F3 /* Assets.xcassets */ = {isa = PBXFileReference; lastKnownFileType = folder.assetcatalog; path = Assets.xcassets; sourceTree = "<group>"; };
		04B7E46228EAE6FA0019A4F3 /* WarmUpKitMobile WatchKit Extension.appex */ = {isa = PBXFileReference; explicitFileType = "wrapper.app-extension"; includeInIndex = 0; path = "WarmUpKitMobile WatchKit Extension.appex"; sourceTree = BUILT_PRODUCTS_DIR; };
		04B7E46728EAE6FA0019A4F3 /* InterfaceController.swift */ = {isa = PBXFileReference; lastKnownFileType = sourcecode.swift; path = InterfaceController.swift; sourceTree = "<group>"; };
		04B7E46928EAE6FA0019A4F3 /* ExtensionDelegate.swift */ = {isa = PBXFileReference; lastKnownFileType = sourcecode.swift; path = ExtensionDelegate.swift; sourceTree = "<group>"; };
		04B7E46B28EAE6FA0019A4F3 /* NotificationController.swift */ = {isa = PBXFileReference; lastKnownFileType = sourcecode.swift; path = NotificationController.swift; sourceTree = "<group>"; };
		04B7E46D28EAE6FA0019A4F3 /* ComplicationController.swift */ = {isa = PBXFileReference; lastKnownFileType = sourcecode.swift; path = ComplicationController.swift; sourceTree = "<group>"; };
		04B7E46F28EAE6FB0019A4F3 /* Assets.xcassets */ = {isa = PBXFileReference; lastKnownFileType = folder.assetcatalog; path = Assets.xcassets; sourceTree = "<group>"; };
		04B7E47128EAE6FB0019A4F3 /* Info.plist */ = {isa = PBXFileReference; lastKnownFileType = text.plist.xml; path = Info.plist; sourceTree = "<group>"; };
		04B7E47228EAE6FB0019A4F3 /* PushNotificationPayload.apns */ = {isa = PBXFileReference; lastKnownFileType = text; path = PushNotificationPayload.apns; sourceTree = "<group>"; };
		04FA98D628F1783000C117C2 /* InfoViewController.swift */ = {isa = PBXFileReference; lastKnownFileType = sourcecode.swift; path = InfoViewController.swift; sourceTree = "<group>"; };
		04FA98DA28F188A700C117C2 /* HomePageViewController.swift */ = {isa = PBXFileReference; lastKnownFileType = sourcecode.swift; path = HomePageViewController.swift; sourceTree = "<group>"; };
		04FA98DD28F188C700C117C2 /* HomePageViewModel.swift */ = {isa = PBXFileReference; lastKnownFileType = sourcecode.swift; path = HomePageViewModel.swift; sourceTree = "<group>"; };
		04FA98E028F194F400C117C2 /* ColorCode.swift */ = {isa = PBXFileReference; lastKnownFileType = sourcecode.swift; path = ColorCode.swift; sourceTree = "<group>"; };
/* End PBXFileReference section */

/* Begin PBXFrameworksBuildPhase section */
		04B7E43D28EAE6F70019A4F3 /* Frameworks */ = {
			isa = PBXFrameworksBuildPhase;
			buildActionMask = 2147483647;
			files = (
				0433B58128ED768100B821EF /* HealthKit.framework in Frameworks */,
			);
			runOnlyForDeploymentPostprocessing = 0;
		};
		04B7E45F28EAE6FA0019A4F3 /* Frameworks */ = {
			isa = PBXFrameworksBuildPhase;
			buildActionMask = 2147483647;
			files = (
				040D447C28ED895B0056A5A9 /* HealthKit.framework in Frameworks */,
			);
			runOnlyForDeploymentPostprocessing = 0;
		};
/* End PBXFrameworksBuildPhase section */

/* Begin PBXGroup section */
		0433B57F28ED768100B821EF /* Frameworks */ = {
			isa = PBXGroup;
			children = (
				040D447B28ED895B0056A5A9 /* HealthKit.framework */,
				0433B58028ED768100B821EF /* HealthKit.framework */,
			);
			name = Frameworks;
			sourceTree = "<group>";
		};
		0433B58228ED76A200B821EF /* Shared */ = {
			isa = PBXGroup;
			children = (
				0433B58328ED76B900B821EF /* HealthKitManger.swift */,
			);
			path = Shared;
			sourceTree = "<group>";
		};
		048E5DB328EFD89B00F9E1D8 /* HealthRecord */ = {
			isa = PBXGroup;
			children = (
				048E5DB428EFD8B800F9E1D8 /* HealthRecordViewController.swift */,
				048E5DBA28EFDCF900F9E1D8 /* HealthRecordViewModel.swift */,
				048E5DB828EFD9D400F9E1D8 /* HealthRecord.storyboard */,
			);
			path = HealthRecord;
			sourceTree = "<group>";
		};
		04B7E43728EAE6F70019A4F3 = {
			isa = PBXGroup;
			children = (
				0433B58228ED76A200B821EF /* Shared */,
				04B7E44228EAE6F70019A4F3 /* WarmUpKitMobile */,
				04B7E45828EAE6F90019A4F3 /* WarmUpKitMobile WatchKit App */,
				04B7E46628EAE6FA0019A4F3 /* WarmUpKitMobile WatchKit Extension */,
				04B7E44128EAE6F70019A4F3 /* Products */,
				0433B57F28ED768100B821EF /* Frameworks */,
			);
			sourceTree = "<group>";
		};
		04B7E44128EAE6F70019A4F3 /* Products */ = {
			isa = PBXGroup;
			children = (
				04B7E44028EAE6F70019A4F3 /* WarmUpKitMobile.app */,
				04B7E45428EAE6F90019A4F3 /* WarmUpKitMobile WatchKit App.app */,
				04B7E46228EAE6FA0019A4F3 /* WarmUpKitMobile WatchKit Extension.appex */,
			);
			name = Products;
			sourceTree = "<group>";
		};
		04B7E44228EAE6F70019A4F3 /* WarmUpKitMobile */ = {
			isa = PBXGroup;
			children = (
				04FA98DF28F194E600C117C2 /* Extensions */,
				04FA98DC28F188B300C117C2 /* HomePage */,
				04FA98D528F1781700C117C2 /* Info */,
				048E5DB328EFD89B00F9E1D8 /* HealthRecord */,
				0433B57E28ED768100B821EF /* WarmUpKitMobile.entitlements */,
				04B7E44328EAE6F70019A4F3 /* AppDelegate.swift */,
				04B7E44528EAE6F70019A4F3 /* SceneDelegate.swift */,
				04B7E44728EAE6F70019A4F3 /* ViewController.swift */,
				04B7E44928EAE6F70019A4F3 /* Main.storyboard */,
				04B7E44C28EAE6F90019A4F3 /* Assets.xcassets */,
				04B7E44E28EAE6F90019A4F3 /* LaunchScreen.storyboard */,
				04B7E45128EAE6F90019A4F3 /* Info.plist */,
			);
			path = WarmUpKitMobile;
			sourceTree = "<group>";
		};
		04B7E45828EAE6F90019A4F3 /* WarmUpKitMobile WatchKit App */ = {
			isa = PBXGroup;
			children = (
				04B7E45928EAE6F90019A4F3 /* Interface.storyboard */,
				04B7E45C28EAE6FA0019A4F3 /* Assets.xcassets */,
			);
			path = "WarmUpKitMobile WatchKit App";
			sourceTree = "<group>";
		};
		04B7E46628EAE6FA0019A4F3 /* WarmUpKitMobile WatchKit Extension */ = {
			isa = PBXGroup;
			children = (
				040D447A28ED895B0056A5A9 /* WarmUpKitMobile WatchKit Extension.entitlements */,
				04B7E46728EAE6FA0019A4F3 /* InterfaceController.swift */,
				04B7E46928EAE6FA0019A4F3 /* ExtensionDelegate.swift */,
				04B7E46B28EAE6FA0019A4F3 /* NotificationController.swift */,
				04B7E46D28EAE6FA0019A4F3 /* ComplicationController.swift */,
				04B7E46F28EAE6FB0019A4F3 /* Assets.xcassets */,
				04B7E47128EAE6FB0019A4F3 /* Info.plist */,
				04B7E47228EAE6FB0019A4F3 /* PushNotificationPayload.apns */,
			);
			path = "WarmUpKitMobile WatchKit Extension";
			sourceTree = "<group>";
		};
		04FA98D528F1781700C117C2 /* Info */ = {
			isa = PBXGroup;
			children = (
				04FA98D628F1783000C117C2 /* InfoViewController.swift */,
			);
			path = Info;
			sourceTree = "<group>";
		};
		04FA98DC28F188B300C117C2 /* HomePage */ = {
			isa = PBXGroup;
			children = (
				04FA98DA28F188A700C117C2 /* HomePageViewController.swift */,
				04FA98DD28F188C700C117C2 /* HomePageViewModel.swift */,
			);
			path = HomePage;
			sourceTree = "<group>";
		};
		04FA98DF28F194E600C117C2 /* Extensions */ = {
			isa = PBXGroup;
			children = (
				04FA98E028F194F400C117C2 /* ColorCode.swift */,
			);
			path = Extensions;
			sourceTree = "<group>";
		};
/* End PBXGroup section */

/* Begin PBXNativeTarget section */
		04B7E43F28EAE6F70019A4F3 /* WarmUpKitMobile */ = {
			isa = PBXNativeTarget;
			buildConfigurationList = 04B7E47D28EAE6FB0019A4F3 /* Build configuration list for PBXNativeTarget "WarmUpKitMobile" */;
			buildPhases = (
				04B7E43C28EAE6F70019A4F3 /* Sources */,
				04B7E43D28EAE6F70019A4F3 /* Frameworks */,
				04B7E43E28EAE6F70019A4F3 /* Resources */,
				04B7E47C28EAE6FB0019A4F3 /* Embed Watch Content */,
			);
			buildRules = (
			);
			dependencies = (
				04B7E45728EAE6F90019A4F3 /* PBXTargetDependency */,
			);
			name = WarmUpKitMobile;
			productName = WarmUpKitMobile;
			productReference = 04B7E44028EAE6F70019A4F3 /* WarmUpKitMobile.app */;
			productType = "com.apple.product-type.application";
		};
		04B7E45328EAE6F90019A4F3 /* WarmUpKitMobile WatchKit App */ = {
			isa = PBXNativeTarget;
			buildConfigurationList = 04B7E47928EAE6FB0019A4F3 /* Build configuration list for PBXNativeTarget "WarmUpKitMobile WatchKit App" */;
			buildPhases = (
				04B7E45228EAE6F90019A4F3 /* Resources */,
				04B7E47828EAE6FB0019A4F3 /* Embed App Extensions */,
			);
			buildRules = (
			);
			dependencies = (
				04B7E46528EAE6FA0019A4F3 /* PBXTargetDependency */,
			);
			name = "WarmUpKitMobile WatchKit App";
			productName = "WarmUpKitMobile WatchKit App";
			productReference = 04B7E45428EAE6F90019A4F3 /* WarmUpKitMobile WatchKit App.app */;
			productType = "com.apple.product-type.application.watchapp2";
		};
		04B7E46128EAE6FA0019A4F3 /* WarmUpKitMobile WatchKit Extension */ = {
			isa = PBXNativeTarget;
			buildConfigurationList = 04B7E47528EAE6FB0019A4F3 /* Build configuration list for PBXNativeTarget "WarmUpKitMobile WatchKit Extension" */;
			buildPhases = (
				04B7E45E28EAE6FA0019A4F3 /* Sources */,
				04B7E45F28EAE6FA0019A4F3 /* Frameworks */,
				04B7E46028EAE6FA0019A4F3 /* Resources */,
			);
			buildRules = (
			);
			dependencies = (
			);
			name = "WarmUpKitMobile WatchKit Extension";
			productName = "WarmUpKitMobile WatchKit Extension";
			productReference = 04B7E46228EAE6FA0019A4F3 /* WarmUpKitMobile WatchKit Extension.appex */;
			productType = "com.apple.product-type.watchkit2-extension";
		};
/* End PBXNativeTarget section */

/* Begin PBXProject section */
		04B7E43828EAE6F70019A4F3 /* Project object */ = {
			isa = PBXProject;
			attributes = {
				BuildIndependentTargetsInParallel = 1;
				LastSwiftUpdateCheck = 1320;
				LastUpgradeCheck = 1320;
				TargetAttributes = {
					04B7E43F28EAE6F70019A4F3 = {
						CreatedOnToolsVersion = 13.2.1;
					};
					04B7E45328EAE6F90019A4F3 = {
						CreatedOnToolsVersion = 13.2.1;
					};
					04B7E46128EAE6FA0019A4F3 = {
						CreatedOnToolsVersion = 13.2.1;
					};
				};
			};
			buildConfigurationList = 04B7E43B28EAE6F70019A4F3 /* Build configuration list for PBXProject "WarmUpKitMobile" */;
			compatibilityVersion = "Xcode 13.0";
			developmentRegion = en;
			hasScannedForEncodings = 0;
			knownRegions = (
				en,
				Base,
			);
			mainGroup = 04B7E43728EAE6F70019A4F3;
			productRefGroup = 04B7E44128EAE6F70019A4F3 /* Products */;
			projectDirPath = "";
			projectRoot = "";
			targets = (
				04B7E43F28EAE6F70019A4F3 /* WarmUpKitMobile */,
				04B7E45328EAE6F90019A4F3 /* WarmUpKitMobile WatchKit App */,
				04B7E46128EAE6FA0019A4F3 /* WarmUpKitMobile WatchKit Extension */,
			);
		};
/* End PBXProject section */

/* Begin PBXResourcesBuildPhase section */
		04B7E43E28EAE6F70019A4F3 /* Resources */ = {
			isa = PBXResourcesBuildPhase;
			buildActionMask = 2147483647;
			files = (
				04B7E45028EAE6F90019A4F3 /* LaunchScreen.storyboard in Resources */,
				04B7E44D28EAE6F90019A4F3 /* Assets.xcassets in Resources */,
				04B7E44B28EAE6F70019A4F3 /* Main.storyboard in Resources */,
				048E5DB928EFD9D400F9E1D8 /* HealthRecord.storyboard in Resources */,
			);
			runOnlyForDeploymentPostprocessing = 0;
		};
		04B7E45228EAE6F90019A4F3 /* Resources */ = {
			isa = PBXResourcesBuildPhase;
			buildActionMask = 2147483647;
			files = (
				04B7E45D28EAE6FA0019A4F3 /* Assets.xcassets in Resources */,
				04B7E45B28EAE6F90019A4F3 /* Interface.storyboard in Resources */,
			);
			runOnlyForDeploymentPostprocessing = 0;
		};
		04B7E46028EAE6FA0019A4F3 /* Resources */ = {
			isa = PBXResourcesBuildPhase;
			buildActionMask = 2147483647;
			files = (
				04B7E47028EAE6FB0019A4F3 /* Assets.xcassets in Resources */,
			);
			runOnlyForDeploymentPostprocessing = 0;
		};
/* End PBXResourcesBuildPhase section */

/* Begin PBXSourcesBuildPhase section */
		04B7E43C28EAE6F70019A4F3 /* Sources */ = {
			isa = PBXSourcesBuildPhase;
			buildActionMask = 2147483647;
			files = (
				0433B58428ED76B900B821EF /* HealthKitManger.swift in Sources */,
				04B7E44828EAE6F70019A4F3 /* ViewController.swift in Sources */,
				04FA98DE28F188C700C117C2 /* HomePageViewModel.swift in Sources */,
				04B7E44428EAE6F70019A4F3 /* AppDelegate.swift in Sources */,
				04FA98D728F1783000C117C2 /* InfoViewController.swift in Sources */,
				04FA98DB28F188A700C117C2 /* HomePageViewController.swift in Sources */,
				048E5DB628EFD8B800F9E1D8 /* HealthRecordViewController.swift in Sources */,
				04B7E44628EAE6F70019A4F3 /* SceneDelegate.swift in Sources */,
				04FA98E128F194F400C117C2 /* ColorCode.swift in Sources */,
				048E5DBB28EFDCF900F9E1D8 /* HealthRecordViewModel.swift in Sources */,
			);
			runOnlyForDeploymentPostprocessing = 0;
		};
		04B7E45E28EAE6FA0019A4F3 /* Sources */ = {
			isa = PBXSourcesBuildPhase;
			buildActionMask = 2147483647;
			files = (
				0433B58528ED76B900B821EF /* HealthKitManger.swift in Sources */,
				04B7E46C28EAE6FA0019A4F3 /* NotificationController.swift in Sources */,
				04B7E46E28EAE6FA0019A4F3 /* ComplicationController.swift in Sources */,
				04B7E46A28EAE6FA0019A4F3 /* ExtensionDelegate.swift in Sources */,
				04B7E46828EAE6FA0019A4F3 /* InterfaceController.swift in Sources */,
			);
			runOnlyForDeploymentPostprocessing = 0;
		};
/* End PBXSourcesBuildPhase section */

/* Begin PBXTargetDependency section */
		04B7E45728EAE6F90019A4F3 /* PBXTargetDependency */ = {
			isa = PBXTargetDependency;
			target = 04B7E45328EAE6F90019A4F3 /* WarmUpKitMobile WatchKit App */;
			targetProxy = 04B7E45628EAE6F90019A4F3 /* PBXContainerItemProxy */;
		};
		04B7E46528EAE6FA0019A4F3 /* PBXTargetDependency */ = {
			isa = PBXTargetDependency;
			target = 04B7E46128EAE6FA0019A4F3 /* WarmUpKitMobile WatchKit Extension */;
			targetProxy = 04B7E46428EAE6FA0019A4F3 /* PBXContainerItemProxy */;
		};
/* End PBXTargetDependency section */

/* Begin PBXVariantGroup section */
		04B7E44928EAE6F70019A4F3 /* Main.storyboard */ = {
			isa = PBXVariantGroup;
			children = (
				04B7E44A28EAE6F70019A4F3 /* Base */,
			);
			name = Main.storyboard;
			sourceTree = "<group>";
		};
		04B7E44E28EAE6F90019A4F3 /* LaunchScreen.storyboard */ = {
			isa = PBXVariantGroup;
			children = (
				04B7E44F28EAE6F90019A4F3 /* Base */,
			);
			name = LaunchScreen.storyboard;
			sourceTree = "<group>";
		};
		04B7E45928EAE6F90019A4F3 /* Interface.storyboard */ = {
			isa = PBXVariantGroup;
			children = (
				04B7E45A28EAE6F90019A4F3 /* Base */,
			);
			name = Interface.storyboard;
			sourceTree = "<group>";
		};
/* End PBXVariantGroup section */

/* Begin XCBuildConfiguration section */
		04B7E47328EAE6FB0019A4F3 /* Debug */ = {
			isa = XCBuildConfiguration;
			buildSettings = {
				ALWAYS_SEARCH_USER_PATHS = NO;
				CLANG_ANALYZER_NONNULL = YES;
				CLANG_ANALYZER_NUMBER_OBJECT_CONVERSION = YES_AGGRESSIVE;
				CLANG_CXX_LANGUAGE_STANDARD = "gnu++17";
				CLANG_CXX_LIBRARY = "libc++";
				CLANG_ENABLE_MODULES = YES;
				CLANG_ENABLE_OBJC_ARC = YES;
				CLANG_ENABLE_OBJC_WEAK = YES;
				CLANG_WARN_BLOCK_CAPTURE_AUTORELEASING = YES;
				CLANG_WARN_BOOL_CONVERSION = YES;
				CLANG_WARN_COMMA = YES;
				CLANG_WARN_CONSTANT_CONVERSION = YES;
				CLANG_WARN_DEPRECATED_OBJC_IMPLEMENTATIONS = YES;
				CLANG_WARN_DIRECT_OBJC_ISA_USAGE = YES_ERROR;
				CLANG_WARN_DOCUMENTATION_COMMENTS = YES;
				CLANG_WARN_EMPTY_BODY = YES;
				CLANG_WARN_ENUM_CONVERSION = YES;
				CLANG_WARN_INFINITE_RECURSION = YES;
				CLANG_WARN_INT_CONVERSION = YES;
				CLANG_WARN_NON_LITERAL_NULL_CONVERSION = YES;
				CLANG_WARN_OBJC_IMPLICIT_RETAIN_SELF = YES;
				CLANG_WARN_OBJC_LITERAL_CONVERSION = YES;
				CLANG_WARN_OBJC_ROOT_CLASS = YES_ERROR;
				CLANG_WARN_QUOTED_INCLUDE_IN_FRAMEWORK_HEADER = YES;
				CLANG_WARN_RANGE_LOOP_ANALYSIS = YES;
				CLANG_WARN_STRICT_PROTOTYPES = YES;
				CLANG_WARN_SUSPICIOUS_MOVE = YES;
				CLANG_WARN_UNGUARDED_AVAILABILITY = YES_AGGRESSIVE;
				CLANG_WARN_UNREACHABLE_CODE = YES;
				CLANG_WARN__DUPLICATE_METHOD_MATCH = YES;
				COPY_PHASE_STRIP = NO;
				DEBUG_INFORMATION_FORMAT = dwarf;
				ENABLE_STRICT_OBJC_MSGSEND = YES;
				ENABLE_TESTABILITY = YES;
				GCC_C_LANGUAGE_STANDARD = gnu11;
				GCC_DYNAMIC_NO_PIC = NO;
				GCC_NO_COMMON_BLOCKS = YES;
				GCC_OPTIMIZATION_LEVEL = 0;
				GCC_PREPROCESSOR_DEFINITIONS = (
					"DEBUG=1",
					"$(inherited)",
				);
				GCC_WARN_64_TO_32_BIT_CONVERSION = YES;
				GCC_WARN_ABOUT_RETURN_TYPE = YES_ERROR;
				GCC_WARN_UNDECLARED_SELECTOR = YES;
				GCC_WARN_UNINITIALIZED_AUTOS = YES_AGGRESSIVE;
				GCC_WARN_UNUSED_FUNCTION = YES;
				GCC_WARN_UNUSED_VARIABLE = YES;
				MTL_ENABLE_DEBUG_INFO = INCLUDE_SOURCE;
				MTL_FAST_MATH = YES;
				ONLY_ACTIVE_ARCH = YES;
				SWIFT_ACTIVE_COMPILATION_CONDITIONS = DEBUG;
				SWIFT_OPTIMIZATION_LEVEL = "-Onone";
			};
			name = Debug;
		};
		04B7E47428EAE6FB0019A4F3 /* Release */ = {
			isa = XCBuildConfiguration;
			buildSettings = {
				ALWAYS_SEARCH_USER_PATHS = NO;
				CLANG_ANALYZER_NONNULL = YES;
				CLANG_ANALYZER_NUMBER_OBJECT_CONVERSION = YES_AGGRESSIVE;
				CLANG_CXX_LANGUAGE_STANDARD = "gnu++17";
				CLANG_CXX_LIBRARY = "libc++";
				CLANG_ENABLE_MODULES = YES;
				CLANG_ENABLE_OBJC_ARC = YES;
				CLANG_ENABLE_OBJC_WEAK = YES;
				CLANG_WARN_BLOCK_CAPTURE_AUTORELEASING = YES;
				CLANG_WARN_BOOL_CONVERSION = YES;
				CLANG_WARN_COMMA = YES;
				CLANG_WARN_CONSTANT_CONVERSION = YES;
				CLANG_WARN_DEPRECATED_OBJC_IMPLEMENTATIONS = YES;
				CLANG_WARN_DIRECT_OBJC_ISA_USAGE = YES_ERROR;
				CLANG_WARN_DOCUMENTATION_COMMENTS = YES;
				CLANG_WARN_EMPTY_BODY = YES;
				CLANG_WARN_ENUM_CONVERSION = YES;
				CLANG_WARN_INFINITE_RECURSION = YES;
				CLANG_WARN_INT_CONVERSION = YES;
				CLANG_WARN_NON_LITERAL_NULL_CONVERSION = YES;
				CLANG_WARN_OBJC_IMPLICIT_RETAIN_SELF = YES;
				CLANG_WARN_OBJC_LITERAL_CONVERSION = YES;
				CLANG_WARN_OBJC_ROOT_CLASS = YES_ERROR;
				CLANG_WARN_QUOTED_INCLUDE_IN_FRAMEWORK_HEADER = YES;
				CLANG_WARN_RANGE_LOOP_ANALYSIS = YES;
				CLANG_WARN_STRICT_PROTOTYPES = YES;
				CLANG_WARN_SUSPICIOUS_MOVE = YES;
				CLANG_WARN_UNGUARDED_AVAILABILITY = YES_AGGRESSIVE;
				CLANG_WARN_UNREACHABLE_CODE = YES;
				CLANG_WARN__DUPLICATE_METHOD_MATCH = YES;
				COPY_PHASE_STRIP = NO;
				DEBUG_INFORMATION_FORMAT = "dwarf-with-dsym";
				ENABLE_NS_ASSERTIONS = NO;
				ENABLE_STRICT_OBJC_MSGSEND = YES;
				GCC_C_LANGUAGE_STANDARD = gnu11;
				GCC_NO_COMMON_BLOCKS = YES;
				GCC_WARN_64_TO_32_BIT_CONVERSION = YES;
				GCC_WARN_ABOUT_RETURN_TYPE = YES_ERROR;
				GCC_WARN_UNDECLARED_SELECTOR = YES;
				GCC_WARN_UNINITIALIZED_AUTOS = YES_AGGRESSIVE;
				GCC_WARN_UNUSED_FUNCTION = YES;
				GCC_WARN_UNUSED_VARIABLE = YES;
				MTL_ENABLE_DEBUG_INFO = NO;
				MTL_FAST_MATH = YES;
				SWIFT_COMPILATION_MODE = wholemodule;
				SWIFT_OPTIMIZATION_LEVEL = "-O";
			};
			name = Release;
		};
		04B7E47628EAE6FB0019A4F3 /* Debug */ = {
			isa = XCBuildConfiguration;
			buildSettings = {
				ASSETCATALOG_COMPILER_COMPLICATION_NAME = Complication;
				CODE_SIGN_ENTITLEMENTS = "WarmUpKitMobile WatchKit Extension/WarmUpKitMobile WatchKit Extension.entitlements";
				CODE_SIGN_STYLE = Automatic;
				CURRENT_PROJECT_VERSION = 1;
				DEVELOPMENT_TEAM = N872GC5833;
				GENERATE_INFOPLIST_FILE = YES;
				INFOPLIST_FILE = "WarmUpKitMobile WatchKit Extension/Info.plist";
				INFOPLIST_KEY_CFBundleDisplayName = "WarmUpKitMobile WatchKit Extension";
				INFOPLIST_KEY_CLKComplicationPrincipalClass = WarmUpKitMobile_WatchKit_Extension.ComplicationController;
				INFOPLIST_KEY_NSCameraUsageDescription = NSCameraUsageDescription;
				INFOPLIST_KEY_NSHealthClinicalHealthRecordsShareUsageDescription = "Visit \"Health\" and read the number of steps";
				INFOPLIST_KEY_NSHealthShareUsageDescription = "Visit \"Health\" and read the number of steps";
				INFOPLIST_KEY_NSHealthUpdateUsageDescription = "Visit \"Health\" and read the number of steps";
				INFOPLIST_KEY_NSHumanReadableCopyright = "";
				INFOPLIST_KEY_WKExtensionDelegateClassName = WarmUpKitMobile_WatchKit_Extension.ExtensionDelegate;
				INFOPLIST_KEY_WKRunsIndependentlyOfCompanionApp = NO;
				LD_RUNPATH_SEARCH_PATHS = (
					"$(inherited)",
					"@executable_path/Frameworks",
					"@executable_path/../../Frameworks",
				);
				MARKETING_VERSION = 1.0;
				PRODUCT_BUNDLE_IDENTIFIER = WarmUpKit.WarmUpKitMobile.watchkitapp.watchkitextension;
				PRODUCT_NAME = "${TARGET_NAME}";
				SDKROOT = watchos;
				SKIP_INSTALL = YES;
				SWIFT_EMIT_LOC_STRINGS = YES;
				SWIFT_VERSION = 5.0;
				TARGETED_DEVICE_FAMILY = 4;
				WATCHOS_DEPLOYMENT_TARGET = 8.3;
			};
			name = Debug;
		};
		04B7E47728EAE6FB0019A4F3 /* Release */ = {
			isa = XCBuildConfiguration;
			buildSettings = {
				ASSETCATALOG_COMPILER_COMPLICATION_NAME = Complication;
				CODE_SIGN_ENTITLEMENTS = "WarmUpKitMobile WatchKit Extension/WarmUpKitMobile WatchKit Extension.entitlements";
				CODE_SIGN_STYLE = Automatic;
				CURRENT_PROJECT_VERSION = 1;
				DEVELOPMENT_TEAM = N872GC5833;
				GENERATE_INFOPLIST_FILE = YES;
				INFOPLIST_FILE = "WarmUpKitMobile WatchKit Extension/Info.plist";
				INFOPLIST_KEY_CFBundleDisplayName = "WarmUpKitMobile WatchKit Extension";
				INFOPLIST_KEY_CLKComplicationPrincipalClass = WarmUpKitMobile_WatchKit_Extension.ComplicationController;
				INFOPLIST_KEY_NSCameraUsageDescription = NSCameraUsageDescription;
				INFOPLIST_KEY_NSHealthClinicalHealthRecordsShareUsageDescription = "Visit \"Health\" and read the number of steps";
				INFOPLIST_KEY_NSHealthShareUsageDescription = "Visit \"Health\" and read the number of steps";
				INFOPLIST_KEY_NSHealthUpdateUsageDescription = "Visit \"Health\" and read the number of steps";
				INFOPLIST_KEY_NSHumanReadableCopyright = "";
				INFOPLIST_KEY_WKExtensionDelegateClassName = WarmUpKitMobile_WatchKit_Extension.ExtensionDelegate;
				INFOPLIST_KEY_WKRunsIndependentlyOfCompanionApp = NO;
				LD_RUNPATH_SEARCH_PATHS = (
					"$(inherited)",
					"@executable_path/Frameworks",
					"@executable_path/../../Frameworks",
				);
				MARKETING_VERSION = 1.0;
				PRODUCT_BUNDLE_IDENTIFIER = WarmUpKit.WarmUpKitMobile.watchkitapp.watchkitextension;
				PRODUCT_NAME = "${TARGET_NAME}";
				SDKROOT = watchos;
				SKIP_INSTALL = YES;
				SWIFT_EMIT_LOC_STRINGS = YES;
				SWIFT_VERSION = 5.0;
				TARGETED_DEVICE_FAMILY = 4;
				VALIDATE_PRODUCT = YES;
				WATCHOS_DEPLOYMENT_TARGET = 8.3;
			};
			name = Release;
		};
		04B7E47A28EAE6FB0019A4F3 /* Debug */ = {
			isa = XCBuildConfiguration;
			buildSettings = {
				ALWAYS_EMBED_SWIFT_STANDARD_LIBRARIES = YES;
				ASSETCATALOG_COMPILER_APPICON_NAME = AppIcon;
				ASSETCATALOG_COMPILER_GLOBAL_ACCENT_COLOR_NAME = AccentColor;
				CODE_SIGN_STYLE = Automatic;
				CURRENT_PROJECT_VERSION = 1;
				DEVELOPMENT_TEAM = N872GC5833;
				GENERATE_INFOPLIST_FILE = YES;
				IBSC_MODULE = WarmUpKitMobile_WatchKit_Extension;
				INFOPLIST_KEY_CFBundleDisplayName = "WarmUpKitMobile WatchKit App";
				INFOPLIST_KEY_UISupportedInterfaceOrientations = "UIInterfaceOrientationPortrait UIInterfaceOrientationPortraitUpsideDown";
				INFOPLIST_KEY_WKCompanionAppBundleIdentifier = WarmUpKit.WarmUpKitMobile;
				MARKETING_VERSION = 1.0;
				PRODUCT_BUNDLE_IDENTIFIER = WarmUpKit.WarmUpKitMobile.watchkitapp;
				PRODUCT_NAME = "$(TARGET_NAME)";
				SDKROOT = watchos;
				SKIP_INSTALL = YES;
				SWIFT_EMIT_LOC_STRINGS = YES;
				SWIFT_VERSION = 5.0;
				TARGETED_DEVICE_FAMILY = 4;
				WATCHOS_DEPLOYMENT_TARGET = 8.3;
			};
			name = Debug;
		};
		04B7E47B28EAE6FB0019A4F3 /* Release */ = {
			isa = XCBuildConfiguration;
			buildSettings = {
				ALWAYS_EMBED_SWIFT_STANDARD_LIBRARIES = YES;
				ASSETCATALOG_COMPILER_APPICON_NAME = AppIcon;
				ASSETCATALOG_COMPILER_GLOBAL_ACCENT_COLOR_NAME = AccentColor;
				CODE_SIGN_STYLE = Automatic;
				CURRENT_PROJECT_VERSION = 1;
				DEVELOPMENT_TEAM = N872GC5833;
				GENERATE_INFOPLIST_FILE = YES;
				IBSC_MODULE = WarmUpKitMobile_WatchKit_Extension;
				INFOPLIST_KEY_CFBundleDisplayName = "WarmUpKitMobile WatchKit App";
				INFOPLIST_KEY_UISupportedInterfaceOrientations = "UIInterfaceOrientationPortrait UIInterfaceOrientationPortraitUpsideDown";
				INFOPLIST_KEY_WKCompanionAppBundleIdentifier = WarmUpKit.WarmUpKitMobile;
				MARKETING_VERSION = 1.0;
				PRODUCT_BUNDLE_IDENTIFIER = WarmUpKit.WarmUpKitMobile.watchkitapp;
				PRODUCT_NAME = "$(TARGET_NAME)";
				SDKROOT = watchos;
				SKIP_INSTALL = YES;
				SWIFT_EMIT_LOC_STRINGS = YES;
				SWIFT_VERSION = 5.0;
				TARGETED_DEVICE_FAMILY = 4;
				VALIDATE_PRODUCT = YES;
				WATCHOS_DEPLOYMENT_TARGET = 8.3;
			};
			name = Release;
		};
		04B7E47E28EAE6FB0019A4F3 /* Debug */ = {
			isa = XCBuildConfiguration;
			buildSettings = {
				ASSETCATALOG_COMPILER_APPICON_NAME = AppIcon;
				ASSETCATALOG_COMPILER_GLOBAL_ACCENT_COLOR_NAME = AccentColor;
				CODE_SIGN_ENTITLEMENTS = WarmUpKitMobile/WarmUpKitMobile.entitlements;
				CODE_SIGN_STYLE = Automatic;
				CURRENT_PROJECT_VERSION = 1;
				DEVELOPMENT_TEAM = N872GC5833;
				GENERATE_INFOPLIST_FILE = YES;
				INFOPLIST_FILE = WarmUpKitMobile/Info.plist;
				INFOPLIST_KEY_NSCameraUsageDescription = NSCameraUsageDescription;
				INFOPLIST_KEY_NSHealthClinicalHealthRecordsShareUsageDescription = "Visit \"Health\" and read the number of steps";
				INFOPLIST_KEY_NSHealthShareUsageDescription = "Visit \"Health\" and read the number of steps";
				INFOPLIST_KEY_NSHealthUpdateUsageDescription = "Visit \"Health\" and read the number of steps";
				INFOPLIST_KEY_UIApplicationSupportsIndirectInputEvents = YES;
				INFOPLIST_KEY_UILaunchStoryboardName = LaunchScreen;
				INFOPLIST_KEY_UIMainStoryboardFile = Main;
				INFOPLIST_KEY_UISupportedInterfaceOrientations_iPad = "UIInterfaceOrientationPortrait UIInterfaceOrientationPortraitUpsideDown UIInterfaceOrientationLandscapeLeft UIInterfaceOrientationLandscapeRight";
				INFOPLIST_KEY_UISupportedInterfaceOrientations_iPhone = "UIInterfaceOrientationPortrait UIInterfaceOrientationLandscapeLeft UIInterfaceOrientationLandscapeRight";
				IPHONEOS_DEPLOYMENT_TARGET = 15.2;
				LD_RUNPATH_SEARCH_PATHS = (
					"$(inherited)",
					"@executable_path/Frameworks",
				);
				MARKETING_VERSION = 1.0;
				PRODUCT_BUNDLE_IDENTIFIER = WarmUpKit.WarmUpKitMobile;
				PRODUCT_NAME = "$(TARGET_NAME)";
				SDKROOT = iphoneos;
				SWIFT_EMIT_LOC_STRINGS = YES;
				SWIFT_VERSION = 5.0;
				TARGETED_DEVICE_FAMILY = "1,2";
			};
			name = Debug;
		};
		04B7E47F28EAE6FB0019A4F3 /* Release */ = {
			isa = XCBuildConfiguration;
			buildSettings = {
				ASSETCATALOG_COMPILER_APPICON_NAME = AppIcon;
				ASSETCATALOG_COMPILER_GLOBAL_ACCENT_COLOR_NAME = AccentColor;
				CODE_SIGN_ENTITLEMENTS = WarmUpKitMobile/WarmUpKitMobile.entitlements;
				CODE_SIGN_STYLE = Automatic;
				CURRENT_PROJECT_VERSION = 1;
				DEVELOPMENT_TEAM = N872GC5833;
				GENERATE_INFOPLIST_FILE = YES;
				INFOPLIST_FILE = WarmUpKitMobile/Info.plist;
				INFOPLIST_KEY_NSCameraUsageDescription = NSCameraUsageDescription;
				INFOPLIST_KEY_NSHealthClinicalHealthRecordsShareUsageDescription = "Visit \"Health\" and read the number of steps";
				INFOPLIST_KEY_NSHealthShareUsageDescription = "Visit \"Health\" and read the number of steps";
				INFOPLIST_KEY_NSHealthUpdateUsageDescription = "Visit \"Health\" and read the number of steps";
				INFOPLIST_KEY_UIApplicationSupportsIndirectInputEvents = YES;
				INFOPLIST_KEY_UILaunchStoryboardName = LaunchScreen;
				INFOPLIST_KEY_UIMainStoryboardFile = Main;
				INFOPLIST_KEY_UISupportedInterfaceOrientations_iPad = "UIInterfaceOrientationPortrait UIInterfaceOrientationPortraitUpsideDown UIInterfaceOrientationLandscapeLeft UIInterfaceOrientationLandscapeRight";
				INFOPLIST_KEY_UISupportedInterfaceOrientations_iPhone = "UIInterfaceOrientationPortrait UIInterfaceOrientationLandscapeLeft UIInterfaceOrientationLandscapeRight";
				IPHONEOS_DEPLOYMENT_TARGET = 15.2;
				LD_RUNPATH_SEARCH_PATHS = (
					"$(inherited)",
					"@executable_path/Frameworks",
				);
				MARKETING_VERSION = 1.0;
				PRODUCT_BUNDLE_IDENTIFIER = WarmUpKit.WarmUpKitMobile;
				PRODUCT_NAME = "$(TARGET_NAME)";
				SDKROOT = iphoneos;
				SWIFT_EMIT_LOC_STRINGS = YES;
				SWIFT_VERSION = 5.0;
				TARGETED_DEVICE_FAMILY = "1,2";
				VALIDATE_PRODUCT = YES;
			};
			name = Release;
		};
/* End XCBuildConfiguration section */

/* Begin XCConfigurationList section */
		04B7E43B28EAE6F70019A4F3 /* Build configuration list for PBXProject "WarmUpKitMobile" */ = {
			isa = XCConfigurationList;
			buildConfigurations = (
				04B7E47328EAE6FB0019A4F3 /* Debug */,
				04B7E47428EAE6FB0019A4F3 /* Release */,
			);
			defaultConfigurationIsVisible = 0;
			defaultConfigurationName = Release;
		};
		04B7E47528EAE6FB0019A4F3 /* Build configuration list for PBXNativeTarget "WarmUpKitMobile WatchKit Extension" */ = {
			isa = XCConfigurationList;
			buildConfigurations = (
				04B7E47628EAE6FB0019A4F3 /* Debug */,
				04B7E47728EAE6FB0019A4F3 /* Release */,
			);
			defaultConfigurationIsVisible = 0;
			defaultConfigurationName = Release;
		};
		04B7E47928EAE6FB0019A4F3 /* Build configuration list for PBXNativeTarget "WarmUpKitMobile WatchKit App" */ = {
			isa = XCConfigurationList;
			buildConfigurations = (
				04B7E47A28EAE6FB0019A4F3 /* Debug */,
				04B7E47B28EAE6FB0019A4F3 /* Release */,
			);
			defaultConfigurationIsVisible = 0;
			defaultConfigurationName = Release;
		};
		04B7E47D28EAE6FB0019A4F3 /* Build configuration list for PBXNativeTarget "WarmUpKitMobile" */ = {
			isa = XCConfigurationList;
			buildConfigurations = (
				04B7E47E28EAE6FB0019A4F3 /* Debug */,
				04B7E47F28EAE6FB0019A4F3 /* Release */,
			);
			defaultConfigurationIsVisible = 0;
			defaultConfigurationName = Release;
		};
/* End XCConfigurationList section */
	};
	rootObject = 04B7E43828EAE6F70019A4F3 /* Project object */;
}
