// !$*UTF8*$!
{
	archiveVersion = 1;
	classes = {
	};
	objectVersion = 55;
	objects = {

/* Begin PBXBuildFile section */
		0404A8ED290D680E0070DAF1 /* BodyScannerViewController.storyboard in Resources */ = {isa = PBXBuildFile; fileRef = 0404A8EC290D680E0070DAF1 /* BodyScannerViewController.storyboard */; };
		040D447C28ED895B0056A5A9 /* HealthKit.framework in Frameworks */ = {isa = PBXBuildFile; fileRef = 040D447B28ED895B0056A5A9 /* HealthKit.framework */; };
		04113421290629DD00A5D2A3 /* HealthKitManger.swift in Sources */ = {isa = PBXBuildFile; fileRef = 0433B58328ED76B900B821EF /* HealthKitManger.swift */; };
		0433B58128ED768100B821EF /* HealthKit.framework in Frameworks */ = {isa = PBXBuildFile; fileRef = 0433B58028ED768100B821EF /* HealthKit.framework */; };
		0433B58428ED76B900B821EF /* HealthKitManger.swift in Sources */ = {isa = PBXBuildFile; fileRef = 0433B58328ED76B900B821EF /* HealthKitManger.swift */; };
		0440C99728F6A9FF002E070A /* UIViewController+Extensions.swift in Sources */ = {isa = PBXBuildFile; fileRef = 0440C99628F6A9FF002E070A /* UIViewController+Extensions.swift */; };
		0440C99928F6AF33002E070A /* NavigationController.swift in Sources */ = {isa = PBXBuildFile; fileRef = 0440C99828F6AF33002E070A /* NavigationController.swift */; };
		0440C99B28F6AFB5002E070A /* NavigationBarStyleChangeable.swift in Sources */ = {isa = PBXBuildFile; fileRef = 0440C99A28F6AFB5002E070A /* NavigationBarStyleChangeable.swift */; };
		0440C99E28F6B3CB002E070A /* MainCardView.xib in Resources */ = {isa = PBXBuildFile; fileRef = 0440C99D28F6B3CB002E070A /* MainCardView.xib */; };
		0440C9A028F6B425002E070A /* MainCardView.swift in Sources */ = {isa = PBXBuildFile; fileRef = 0440C99F28F6B425002E070A /* MainCardView.swift */; };
		0457D53828F420E1006D059A /* UIView+Extensions.swift in Sources */ = {isa = PBXBuildFile; fileRef = 0457D53728F420E1006D059A /* UIView+Extensions.swift */; };
		0457D53B28F424C5006D059A /* StepSummaryView.swift in Sources */ = {isa = PBXBuildFile; fileRef = 0457D53928F424C4006D059A /* StepSummaryView.swift */; };
		0457D53C28F424C5006D059A /* StepSummaryView.xib in Resources */ = {isa = PBXBuildFile; fileRef = 0457D53A28F424C4006D059A /* StepSummaryView.xib */; };
		048E5DB628EFD8B800F9E1D8 /* HealthRecordViewController.swift in Sources */ = {isa = PBXBuildFile; fileRef = 048E5DB428EFD8B800F9E1D8 /* HealthRecordViewController.swift */; };
		048E5DBB28EFDCF900F9E1D8 /* HealthRecordViewModel.swift in Sources */ = {isa = PBXBuildFile; fileRef = 048E5DBA28EFDCF900F9E1D8 /* HealthRecordViewModel.swift */; };
		04B7E44428EAE6F70019A4F3 /* AppDelegate.swift in Sources */ = {isa = PBXBuildFile; fileRef = 04B7E44328EAE6F70019A4F3 /* AppDelegate.swift */; };
		04B7E44628EAE6F70019A4F3 /* SceneDelegate.swift in Sources */ = {isa = PBXBuildFile; fileRef = 04B7E44528EAE6F70019A4F3 /* SceneDelegate.swift */; };
		04B7E44828EAE6F70019A4F3 /* ViewController.swift in Sources */ = {isa = PBXBuildFile; fileRef = 04B7E44728EAE6F70019A4F3 /* ViewController.swift */; };
		04B7E44B28EAE6F70019A4F3 /* Main.storyboard in Resources */ = {isa = PBXBuildFile; fileRef = 04B7E44928EAE6F70019A4F3 /* Main.storyboard */; };
		04B7E44D28EAE6F90019A4F3 /* Assets.xcassets in Resources */ = {isa = PBXBuildFile; fileRef = 04B7E44C28EAE6F90019A4F3 /* Assets.xcassets */; };
		04B7E45028EAE6F90019A4F3 /* LaunchScreen.storyboard in Resources */ = {isa = PBXBuildFile; fileRef = 04B7E44E28EAE6F90019A4F3 /* LaunchScreen.storyboard */; };
		04B7E45528EAE6F90019A4F3 /* WarmUpKitMobile WatchKit App.app in Embed Watch Content */ = {isa = PBXBuildFile; fileRef = 04B7E45428EAE6F90019A4F3 /* WarmUpKitMobile WatchKit App.app */; settings = {ATTRIBUTES = (RemoveHeadersOnCopy, ); }; };
		04B7E45B28EAE6F90019A4F3 /* Interface.storyboard in Resources */ = {isa = PBXBuildFile; fileRef = 04B7E45928EAE6F90019A4F3 /* Interface.storyboard */; };
		04B7E45D28EAE6FA0019A4F3 /* Assets.xcassets in Resources */ = {isa = PBXBuildFile; fileRef = 04B7E45C28EAE6FA0019A4F3 /* Assets.xcassets */; };
		04B7E46328EAE6FA0019A4F3 /* WarmUpKitMobile WatchKit Extension.appex in Embed App Extensions */ = {isa = PBXBuildFile; fileRef = 04B7E46228EAE6FA0019A4F3 /* WarmUpKitMobile WatchKit Extension.appex */; settings = {ATTRIBUTES = (RemoveHeadersOnCopy, ); }; };
		04B7E46828EAE6FA0019A4F3 /* InterfaceController.swift in Sources */ = {isa = PBXBuildFile; fileRef = 04B7E46728EAE6FA0019A4F3 /* InterfaceController.swift */; };
		04B7E46A28EAE6FA0019A4F3 /* ExtensionDelegate.swift in Sources */ = {isa = PBXBuildFile; fileRef = 04B7E46928EAE6FA0019A4F3 /* ExtensionDelegate.swift */; };
		04B7E46C28EAE6FA0019A4F3 /* NotificationController.swift in Sources */ = {isa = PBXBuildFile; fileRef = 04B7E46B28EAE6FA0019A4F3 /* NotificationController.swift */; };
		04B7E46E28EAE6FA0019A4F3 /* ComplicationController.swift in Sources */ = {isa = PBXBuildFile; fileRef = 04B7E46D28EAE6FA0019A4F3 /* ComplicationController.swift */; };
		04B7E47028EAE6FB0019A4F3 /* Assets.xcassets in Resources */ = {isa = PBXBuildFile; fileRef = 04B7E46F28EAE6FB0019A4F3 /* Assets.xcassets */; };
		04FA98D728F1783000C117C2 /* BodyScannerViewController.swift in Sources */ = {isa = PBXBuildFile; fileRef = 04FA98D628F1783000C117C2 /* BodyScannerViewController.swift */; };
		04FA98DB28F188A700C117C2 /* HomePageViewController.swift in Sources */ = {isa = PBXBuildFile; fileRef = 04FA98DA28F188A700C117C2 /* HomePageViewController.swift */; };
		04FA98DE28F188C700C117C2 /* HomePageViewModel.swift in Sources */ = {isa = PBXBuildFile; fileRef = 04FA98DD28F188C700C117C2 /* HomePageViewModel.swift */; };
		04FA98E128F194F400C117C2 /* ColorCode.swift in Sources */ = {isa = PBXBuildFile; fileRef = 04FA98E028F194F400C117C2 /* ColorCode.swift */; };
		05043A35EB27CECC77488998 /* Pods_WarmUpKitMobile_WatchKit_Extension.framework in Frameworks */ = {isa = PBXBuildFile; fileRef = 4D4B395E62FD12F19A0DF7FF /* Pods_WarmUpKitMobile_WatchKit_Extension.framework */; };
		71AC7BBBF81BF8AC24A2F1F8 /* Pods_WarmUpKitMobile.framework in Frameworks */ = {isa = PBXBuildFile; fileRef = FEF691C591405168BD4DC254 /* Pods_WarmUpKitMobile.framework */; };
		DE1C09968769DF37272802BD /* Pods_WarmUpKitMobile_WatchKit_App.framework in Frameworks */ = {isa = PBXBuildFile; fileRef = 8D4317E93C80BECC9958FE86 /* Pods_WarmUpKitMobile_WatchKit_App.framework */; };
/* End PBXBuildFile section */

/* Begin PBXContainerItemProxy section */
		04B7E45628EAE6F90019A4F3 /* PBXContainerItemProxy */ = {
			isa = PBXContainerItemProxy;
			containerPortal = 04B7E43828EAE6F70019A4F3 /* Project object */;
			proxyType = 1;
			remoteGlobalIDString = 04B7E45328EAE6F90019A4F3;
			remoteInfo = "WarmUpKitMobile WatchKit App";
		};
		04B7E46428EAE6FA0019A4F3 /* PBXContainerItemProxy */ = {
			isa = PBXContainerItemProxy;
			containerPortal = 04B7E43828EAE6F70019A4F3 /* Project object */;
			proxyType = 1;
			remoteGlobalIDString = 04B7E46128EAE6FA0019A4F3;
			remoteInfo = "WarmUpKitMobile WatchKit Extension";
		};
/* End PBXContainerItemProxy section */

/* Begin PBXCopyFilesBuildPhase section */
		04B7E47828EAE6FB0019A4F3 /* Embed App Extensions */ = {
			isa = PBXCopyFilesBuildPhase;
			buildActionMask = 2147483647;
			dstPath = "";
			dstSubfolderSpec = 13;
			files = (
				04B7E46328EAE6FA0019A4F3 /* WarmUpKitMobile WatchKit Extension.appex in Embed App Extensions */,
			);
			name = "Embed App Extensions";
			runOnlyForDeploymentPostprocessing = 0;
		};
		04B7E47C28EAE6FB0019A4F3 /* Embed Watch Content */ = {
			isa = PBXCopyFilesBuildPhase;
			buildActionMask = 2147483647;
			dstPath = "$(CONTENTS_FOLDER_PATH)/Watch";
			dstSubfolderSpec = 16;
			files = (
				04B7E45528EAE6F90019A4F3 /* WarmUpKitMobile WatchKit App.app in Embed Watch Content */,
			);
			name = "Embed Watch Content";
			runOnlyForDeploymentPostprocessing = 0;
		};
/* End PBXCopyFilesBuildPhase section */

/* Begin PBXFileReference section */
		0404A8EC290D680E0070DAF1 /* BodyScannerViewController.storyboard */ = {isa = PBXFileReference; lastKnownFileType = file.storyboard; path = BodyScannerViewController.storyboard; sourceTree = "<group>"; };
		040D447A28ED895B0056A5A9 /* WarmUpKitMobile WatchKit Extension.entitlements */ = {isa = PBXFileReference; lastKnownFileType = text.plist.entitlements; path = "WarmUpKitMobile WatchKit Extension.entitlements"; sourceTree = "<group>"; };
		040D447B28ED895B0056A5A9 /* HealthKit.framework */ = {isa = PBXFileReference; lastKnownFileType = wrapper.framework; name = HealthKit.framework; path = Platforms/WatchOS.platform/Developer/SDKs/WatchOS8.3.sdk/System/Library/Frameworks/HealthKit.framework; sourceTree = DEVELOPER_DIR; };
		0433B57E28ED768100B821EF /* WarmUpKitMobile.entitlements */ = {isa = PBXFileReference; lastKnownFileType = text.plist.entitlements; path = WarmUpKitMobile.entitlements; sourceTree = "<group>"; };
		0433B58028ED768100B821EF /* HealthKit.framework */ = {isa = PBXFileReference; lastKnownFileType = wrapper.framework; name = HealthKit.framework; path = Platforms/iPhoneOS.platform/Developer/SDKs/iPhoneOS15.2.sdk/System/Library/Frameworks/HealthKit.framework; sourceTree = DEVELOPER_DIR; };
		0433B58328ED76B900B821EF /* HealthKitManger.swift */ = {isa = PBXFileReference; lastKnownFileType = sourcecode.swift; path = HealthKitManger.swift; sourceTree = "<group>"; };
		0440C99628F6A9FF002E070A /* UIViewController+Extensions.swift */ = {isa = PBXFileReference; lastKnownFileType = sourcecode.swift; path = "UIViewController+Extensions.swift"; sourceTree = "<group>"; };
		0440C99828F6AF33002E070A /* NavigationController.swift */ = {isa = PBXFileReference; lastKnownFileType = sourcecode.swift; path = NavigationController.swift; sourceTree = "<group>"; };
		0440C99A28F6AFB5002E070A /* NavigationBarStyleChangeable.swift */ = {isa = PBXFileReference; lastKnownFileType = sourcecode.swift; path = NavigationBarStyleChangeable.swift; sourceTree = "<group>"; };
		0440C99D28F6B3CB002E070A /* MainCardView.xib */ = {isa = PBXFileReference; lastKnownFileType = file.xib; path = MainCardView.xib; sourceTree = "<group>"; };
		0440C99F28F6B425002E070A /* MainCardView.swift */ = {isa = PBXFileReference; lastKnownFileType = sourcecode.swift; path = MainCardView.swift; sourceTree = "<group>"; };
		0457D53728F420E1006D059A /* UIView+Extensions.swift */ = {isa = PBXFileReference; lastKnownFileType = sourcecode.swift; path = "UIView+Extensions.swift"; sourceTree = "<group>"; };
		0457D53928F424C4006D059A /* StepSummaryView.swift */ = {isa = PBXFileReference; lastKnownFileType = sourcecode.swift; path = StepSummaryView.swift; sourceTree = "<group>"; };
		0457D53A28F424C4006D059A /* StepSummaryView.xib */ = {isa = PBXFileReference; lastKnownFileType = file.xib; path = StepSummaryView.xib; sourceTree = "<group>"; };
		048E5DB428EFD8B800F9E1D8 /* HealthRecordViewController.swift */ = {isa = PBXFileReference; lastKnownFileType = sourcecode.swift; path = HealthRecordViewController.swift; sourceTree = "<group>"; };
		048E5DB828EFD9D400F9E1D8 /* HealthRecord.storyboard */ = {isa = PBXFileReference; lastKnownFileType = file.storyboard; path = HealthRecord.storyboard; sourceTree = "<group>"; };
		048E5DBA28EFDCF900F9E1D8 /* HealthRecordViewModel.swift */ = {isa = PBXFileReference; lastKnownFileType = sourcecode.swift; path = HealthRecordViewModel.swift; sourceTree = "<group>"; };
		04B7E44028EAE6F70019A4F3 /* WarmUpKitMobile.app */ = {isa = PBXFileReference; explicitFileType = wrapper.application; includeInIndex = 0; path = WarmUpKitMobile.app; sourceTree = BUILT_PRODUCTS_DIR; };
		04B7E44328EAE6F70019A4F3 /* AppDelegate.swift */ = {isa = PBXFileReference; lastKnownFileType = sourcecode.swift; path = AppDelegate.swift; sourceTree = "<group>"; };
		04B7E44528EAE6F70019A4F3 /* SceneDelegate.swift */ = {isa = PBXFileReference; lastKnownFileType = sourcecode.swift; path = SceneDelegate.swift; sourceTree = "<group>"; };
		04B7E44728EAE6F70019A4F3 /* ViewController.swift */ = {isa = PBXFileReference; lastKnownFileType = sourcecode.swift; path = ViewController.swift; sourceTree = "<group>"; };
		04B7E44A28EAE6F70019A4F3 /* Base */ = {isa = PBXFileReference; lastKnownFileType = file.storyboard; name = Base; path = Base.lproj/Main.storyboard; sourceTree = "<group>"; };
		04B7E44C28EAE6F90019A4F3 /* Assets.xcassets */ = {isa = PBXFileReference; lastKnownFileType = folder.assetcatalog; path = Assets.xcassets; sourceTree = "<group>"; };
		04B7E44F28EAE6F90019A4F3 /* Base */ = {isa = PBXFileReference; lastKnownFileType = file.storyboard; name = Base; path = Base.lproj/LaunchScreen.storyboard; sourceTree = "<group>"; };
		04B7E45128EAE6F90019A4F3 /* Info.plist */ = {isa = PBXFileReference; lastKnownFileType = text.plist.xml; path = Info.plist; sourceTree = "<group>"; };
		04B7E45428EAE6F90019A4F3 /* WarmUpKitMobile WatchKit App.app */ = {isa = PBXFileReference; explicitFileType = wrapper.application; includeInIndex = 0; path = "WarmUpKitMobile WatchKit App.app"; sourceTree = BUILT_PRODUCTS_DIR; };
		04B7E45A28EAE6F90019A4F3 /* Base */ = {isa = PBXFileReference; lastKnownFileType = file.storyboard; name = Base; path = Base.lproj/Interface.storyboard; sourceTree = "<group>"; };
		04B7E45C28EAE6FA0019A4F3 /* Assets.xcassets */ = {isa = PBXFileReference; lastKnownFileType = folder.assetcatalog; path = Assets.xcassets; sourceTree = "<group>"; };
		04B7E46228EAE6FA0019A4F3 /* WarmUpKitMobile WatchKit Extension.appex */ = {isa = PBXFileReference; explicitFileType = "wrapper.app-extension"; includeInIndex = 0; path = "WarmUpKitMobile WatchKit Extension.appex"; sourceTree = BUILT_PRODUCTS_DIR; };
		04B7E46728EAE6FA0019A4F3 /* InterfaceController.swift */ = {isa = PBXFileReference; lastKnownFileType = sourcecode.swift; path = InterfaceController.swift; sourceTree = "<group>"; };
		04B7E46928EAE6FA0019A4F3 /* ExtensionDelegate.swift */ = {isa = PBXFileReference; lastKnownFileType = sourcecode.swift; path = ExtensionDelegate.swift; sourceTree = "<group>"; };
		04B7E46B28EAE6FA0019A4F3 /* NotificationController.swift */ = {isa = PBXFileReference; lastKnownFileType = sourcecode.swift; path = NotificationController.swift; sourceTree = "<group>"; };
		04B7E46D28EAE6FA0019A4F3 /* ComplicationController.swift */ = {isa = PBXFileReference; lastKnownFileType = sourcecode.swift; path = ComplicationController.swift; sourceTree = "<group>"; };
		04B7E46F28EAE6FB0019A4F3 /* Assets.xcassets */ = {isa = PBXFileReference; lastKnownFileType = folder.assetcatalog; path = Assets.xcassets; sourceTree = "<group>"; };
		04B7E47128EAE6FB0019A4F3 /* Info.plist */ = {isa = PBXFileReference; lastKnownFileType = text.plist.xml; path = Info.plist; sourceTree = "<group>"; };
		04B7E47228EAE6FB0019A4F3 /* PushNotificationPayload.apns */ = {isa = PBXFileReference; lastKnownFileType = text; path = PushNotificationPayload.apns; sourceTree = "<group>"; };
		04FA98D628F1783000C117C2 /* BodyScannerViewController.swift */ = {isa = PBXFileReference; lastKnownFileType = sourcecode.swift; path = BodyScannerViewController.swift; sourceTree = "<group>"; };
		04FA98DA28F188A700C117C2 /* HomePageViewController.swift */ = {isa = PBXFileReference; lastKnownFileType = sourcecode.swift; path = HomePageViewController.swift; sourceTree = "<group>"; };
		04FA98DD28F188C700C117C2 /* HomePageViewModel.swift */ = {isa = PBXFileReference; lastKnownFileType = sourcecode.swift; path = HomePageViewModel.swift; sourceTree = "<group>"; };
		04FA98E028F194F400C117C2 /* ColorCode.swift */ = {isa = PBXFileReference; lastKnownFileType = sourcecode.swift; path = ColorCode.swift; sourceTree = "<group>"; };
		0F3300CEAAAE2FCE53A74D88 /* Pods-WarmUpKitMobile.release.xcconfig */ = {isa = PBXFileReference; includeInIndex = 1; lastKnownFileType = text.xcconfig; name = "Pods-WarmUpKitMobile.release.xcconfig"; path = "Target Support Files/Pods-WarmUpKitMobile/Pods-WarmUpKitMobile.release.xcconfig"; sourceTree = "<group>"; };
		350E08F071B90C7D42226E9B /* Pods-WarmUpKitMobile WatchKit Extension.release.xcconfig */ = {isa = PBXFileReference; includeInIndex = 1; lastKnownFileType = text.xcconfig; name = "Pods-WarmUpKitMobile WatchKit Extension.release.xcconfig"; path = "Target Support Files/Pods-WarmUpKitMobile WatchKit Extension/Pods-WarmUpKitMobile WatchKit Extension.release.xcconfig"; sourceTree = "<group>"; };
		4D4B395E62FD12F19A0DF7FF /* Pods_WarmUpKitMobile_WatchKit_Extension.framework */ = {isa = PBXFileReference; explicitFileType = wrapper.framework; includeInIndex = 0; path = Pods_WarmUpKitMobile_WatchKit_Extension.framework; sourceTree = BUILT_PRODUCTS_DIR; };
		6614F1318DEB7455E2E2CC8A /* Pods-WarmUpKitMobile WatchKit Extension.debug.xcconfig */ = {isa = PBXFileReference; includeInIndex = 1; lastKnownFileType = text.xcconfig; name = "Pods-WarmUpKitMobile WatchKit Extension.debug.xcconfig"; path = "Target Support Files/Pods-WarmUpKitMobile WatchKit Extension/Pods-WarmUpKitMobile WatchKit Extension.debug.xcconfig"; sourceTree = "<group>"; };
		6F9AFBCE3A72ACA68AAD7B7F /* Pods-WarmUpKitMobile WatchKit App.release.xcconfig */ = {isa = PBXFileReference; includeInIndex = 1; lastKnownFileType = text.xcconfig; name = "Pods-WarmUpKitMobile WatchKit App.release.xcconfig"; path = "Target Support Files/Pods-WarmUpKitMobile WatchKit App/Pods-WarmUpKitMobile WatchKit App.release.xcconfig"; sourceTree = "<group>"; };
		731D9F6FEC51510D3AD833A4 /* Pods-WarmUpKitMobile.debug.xcconfig */ = {isa = PBXFileReference; includeInIndex = 1; lastKnownFileType = text.xcconfig; name = "Pods-WarmUpKitMobile.debug.xcconfig"; path = "Target Support Files/Pods-WarmUpKitMobile/Pods-WarmUpKitMobile.debug.xcconfig"; sourceTree = "<group>"; };
		8D4317E93C80BECC9958FE86 /* Pods_WarmUpKitMobile_WatchKit_App.framework */ = {isa = PBXFileReference; explicitFileType = wrapper.framework; includeInIndex = 0; path = Pods_WarmUpKitMobile_WatchKit_App.framework; sourceTree = BUILT_PRODUCTS_DIR; };
		E2863629A909B620400E88E7 /* Pods-WarmUpKitMobile WatchKit App.debug.xcconfig */ = {isa = PBXFileReference; includeInIndex = 1; lastKnownFileType = text.xcconfig; name = "Pods-WarmUpKitMobile WatchKit App.debug.xcconfig"; path = "Target Support Files/Pods-WarmUpKitMobile WatchKit App/Pods-WarmUpKitMobile WatchKit App.debug.xcconfig"; sourceTree = "<group>"; };
		FEF691C591405168BD4DC254 /* Pods_WarmUpKitMobile.framework */ = {isa = PBXFileReference; explicitFileType = wrapper.framework; includeInIndex = 0; path = Pods_WarmUpKitMobile.framework; sourceTree = BUILT_PRODUCTS_DIR; };
/* End PBXFileReference section */

/* Begin PBXFrameworksBuildPhase section */
		00F958000FADF7B7A4715BF9 /* Frameworks */ = {
			isa = PBXFrameworksBuildPhase;
			buildActionMask = 2147483647;
			files = (
				DE1C09968769DF37272802BD /* Pods_WarmUpKitMobile_WatchKit_App.framework in Frameworks */,
			);
			runOnlyForDeploymentPostprocessing = 0;
		};
		04B7E43D28EAE6F70019A4F3 /* Frameworks */ = {
			isa = PBXFrameworksBuildPhase;
			buildActionMask = 2147483647;
			files = (
				0433B58128ED768100B821EF /* HealthKit.framework in Frameworks */,
				71AC7BBBF81BF8AC24A2F1F8 /* Pods_WarmUpKitMobile.framework in Frameworks */,
			);
			runOnlyForDeploymentPostprocessing = 0;
		};
		04B7E45F28EAE6FA0019A4F3 /* Frameworks */ = {
			isa = PBXFrameworksBuildPhase;
			buildActionMask = 2147483647;
			files = (
				040D447C28ED895B0056A5A9 /* HealthKit.framework in Frameworks */,
				05043A35EB27CECC77488998 /* Pods_WarmUpKitMobile_WatchKit_Extension.framework in Frameworks */,
			);
			runOnlyForDeploymentPostprocessing = 0;
		};
/* End PBXFrameworksBuildPhase section */

/* Begin PBXGroup section */
		0433B57F28ED768100B821EF /* Frameworks */ = {
			isa = PBXGroup;
			children = (
				040D447B28ED895B0056A5A9 /* HealthKit.framework */,
				0433B58028ED768100B821EF /* HealthKit.framework */,
				FEF691C591405168BD4DC254 /* Pods_WarmUpKitMobile.framework */,
				8D4317E93C80BECC9958FE86 /* Pods_WarmUpKitMobile_WatchKit_App.framework */,
				4D4B395E62FD12F19A0DF7FF /* Pods_WarmUpKitMobile_WatchKit_Extension.framework */,
			);
			name = Frameworks;
			sourceTree = "<group>";
		};
		0433B58228ED76A200B821EF /* Shared */ = {
			isa = PBXGroup;
			children = (
				0433B58328ED76B900B821EF /* HealthKitManger.swift */,
			);
			path = Shared;
			sourceTree = "<group>";
		};
		0440C99528F69946002E070A /* Component */ = {
			isa = PBXGroup;
			children = (
				0440C99C28F6B329002E070A /* NavigationBarStyle */,
				0457D53928F424C4006D059A /* StepSummaryView.swift */,
				0457D53A28F424C4006D059A /* StepSummaryView.xib */,
				0440C99F28F6B425002E070A /* MainCardView.swift */,
				0440C99D28F6B3CB002E070A /* MainCardView.xib */,
			);
			path = Component;
			sourceTree = "<group>";
		};
		0440C99C28F6B329002E070A /* NavigationBarStyle */ = {
			isa = PBXGroup;
			children = (
				0440C99828F6AF33002E070A /* NavigationController.swift */,
				0440C99A28F6AFB5002E070A /* NavigationBarStyleChangeable.swift */,
			);
			path = NavigationBarStyle;
			sourceTree = "<group>";
		};
		048E5DB328EFD89B00F9E1D8 /* HealthRecord */ = {
			isa = PBXGroup;
			children = (
				048E5DB428EFD8B800F9E1D8 /* HealthRecordViewController.swift */,
				048E5DBA28EFDCF900F9E1D8 /* HealthRecordViewModel.swift */,
				048E5DB828EFD9D400F9E1D8 /* HealthRecord.storyboard */,
			);
			path = HealthRecord;
			sourceTree = "<group>";
		};
		04B7E43728EAE6F70019A4F3 = {
			isa = PBXGroup;
			children = (
				04B7E44228EAE6F70019A4F3 /* WarmUpKitMobile */,
				04B7E45828EAE6F90019A4F3 /* WarmUpKitMobile WatchKit App */,
				04B7E46628EAE6FA0019A4F3 /* WarmUpKitMobile WatchKit Extension */,
				04B7E44128EAE6F70019A4F3 /* Products */,
				0433B57F28ED768100B821EF /* Frameworks */,
				DFA219E9C8C3E743A4E5F618 /* Pods */,
			);
			sourceTree = "<group>";
		};
		04B7E44128EAE6F70019A4F3 /* Products */ = {
			isa = PBXGroup;
			children = (
				04B7E44028EAE6F70019A4F3 /* WarmUpKitMobile.app */,
				04B7E45428EAE6F90019A4F3 /* WarmUpKitMobile WatchKit App.app */,
				04B7E46228EAE6FA0019A4F3 /* WarmUpKitMobile WatchKit Extension.appex */,
			);
			name = Products;
			sourceTree = "<group>";
		};
		04B7E44228EAE6F70019A4F3 /* WarmUpKitMobile */ = {
			isa = PBXGroup;
			children = (
				0433B58228ED76A200B821EF /* Shared */,
				0440C99528F69946002E070A /* Component */,
				04FA98DF28F194E600C117C2 /* Extensions */,
				04FA98DC28F188B300C117C2 /* HomePage */,
				04FA98D528F1781700C117C2 /* OpenCV */,
				048E5DB328EFD89B00F9E1D8 /* HealthRecord */,
				0433B57E28ED768100B821EF /* WarmUpKitMobile.entitlements */,
				04B7E44328EAE6F70019A4F3 /* AppDelegate.swift */,
				04B7E44528EAE6F70019A4F3 /* SceneDelegate.swift */,
				04B7E44728EAE6F70019A4F3 /* ViewController.swift */,
				04B7E44928EAE6F70019A4F3 /* Main.storyboard */,
				04B7E44C28EAE6F90019A4F3 /* Assets.xcassets */,
				04B7E44E28EAE6F90019A4F3 /* LaunchScreen.storyboard */,
				04B7E45128EAE6F90019A4F3 /* Info.plist */,
			);
			path = WarmUpKitMobile;
			sourceTree = "<group>";
		};
		04B7E45828EAE6F90019A4F3 /* WarmUpKitMobile WatchKit App */ = {
			isa = PBXGroup;
			children = (
				04B7E45928EAE6F90019A4F3 /* Interface.storyboard */,
				04B7E45C28EAE6FA0019A4F3 /* Assets.xcassets */,
			);
			path = "WarmUpKitMobile WatchKit App";
			sourceTree = "<group>";
		};
		04B7E46628EAE6FA0019A4F3 /* WarmUpKitMobile WatchKit Extension */ = {
			isa = PBXGroup;
			children = (
				040D447A28ED895B0056A5A9 /* WarmUpKitMobile WatchKit Extension.entitlements */,
				04B7E46728EAE6FA0019A4F3 /* InterfaceController.swift */,
				04B7E46928EAE6FA0019A4F3 /* ExtensionDelegate.swift */,
				04B7E46B28EAE6FA0019A4F3 /* NotificationController.swift */,
				04B7E46D28EAE6FA0019A4F3 /* ComplicationController.swift */,
				04B7E46F28EAE6FB0019A4F3 /* Assets.xcassets */,
				04B7E47128EAE6FB0019A4F3 /* Info.plist */,
				04B7E47228EAE6FB0019A4F3 /* PushNotificationPayload.apns */,
			);
			path = "WarmUpKitMobile WatchKit Extension";
			sourceTree = "<group>";
		};
		04FA98D528F1781700C117C2 /* OpenCV */ = {
			isa = PBXGroup;
			children = (
				04FA98D628F1783000C117C2 /* BodyScannerViewController.swift */,
				0404A8EC290D680E0070DAF1 /* BodyScannerViewController.storyboard */,
			);
			path = OpenCV;
			sourceTree = "<group>";
		};
		04FA98DC28F188B300C117C2 /* HomePage */ = {
			isa = PBXGroup;
			children = (
				04FA98DA28F188A700C117C2 /* HomePageViewController.swift */,
				04FA98DD28F188C700C117C2 /* HomePageViewModel.swift */,
			);
			path = HomePage;
			sourceTree = "<group>";
		};
		04FA98DF28F194E600C117C2 /* Extensions */ = {
			isa = PBXGroup;
			children = (
				04FA98E028F194F400C117C2 /* ColorCode.swift */,
				0457D53728F420E1006D059A /* UIView+Extensions.swift */,
				0440C99628F6A9FF002E070A /* UIViewController+Extensions.swift */,
			);
			path = Extensions;
			sourceTree = "<group>";
		};
		DFA219E9C8C3E743A4E5F618 /* Pods */ = {
			isa = PBXGroup;
			children = (
				731D9F6FEC51510D3AD833A4 /* Pods-WarmUpKitMobile.debug.xcconfig */,
				0F3300CEAAAE2FCE53A74D88 /* Pods-WarmUpKitMobile.release.xcconfig */,
				E2863629A909B620400E88E7 /* Pods-WarmUpKitMobile WatchKit App.debug.xcconfig */,
				6F9AFBCE3A72ACA68AAD7B7F /* Pods-WarmUpKitMobile WatchKit App.release.xcconfig */,
				6614F1318DEB7455E2E2CC8A /* Pods-WarmUpKitMobile WatchKit Extension.debug.xcconfig */,
				350E08F071B90C7D42226E9B /* Pods-WarmUpKitMobile WatchKit Extension.release.xcconfig */,
			);
			path = Pods;
			sourceTree = "<group>";
		};
/* End PBXGroup section */

/* Begin PBXNativeTarget section */
		04B7E43F28EAE6F70019A4F3 /* WarmUpKitMobile */ = {
			isa = PBXNativeTarget;
			buildConfigurationList = 04B7E47D28EAE6FB0019A4F3 /* Build configuration list for PBXNativeTarget "WarmUpKitMobile" */;
			buildPhases = (
				478882540C6DE9FB9721E223 /* [CP] Check Pods Manifest.lock */,
				04B7E43C28EAE6F70019A4F3 /* Sources */,
				04B7E43D28EAE6F70019A4F3 /* Frameworks */,
				04B7E43E28EAE6F70019A4F3 /* Resources */,
				04B7E47C28EAE6FB0019A4F3 /* Embed Watch Content */,
				05A670CF46C5660419052D6C /* [CP] Embed Pods Frameworks */,
			);
			buildRules = (
			);
			dependencies = (
				04B7E45728EAE6F90019A4F3 /* PBXTargetDependency */,
			);
			name = WarmUpKitMobile;
			productName = WarmUpKitMobile;
			productReference = 04B7E44028EAE6F70019A4F3 /* WarmUpKitMobile.app */;
			productType = "com.apple.product-type.application";
		};
		04B7E45328EAE6F90019A4F3 /* WarmUpKitMobile WatchKit App */ = {
			isa = PBXNativeTarget;
			buildConfigurationList = 04B7E47928EAE6FB0019A4F3 /* Build configuration list for PBXNativeTarget "WarmUpKitMobile WatchKit App" */;
			buildPhases = (
				E429E17F6081FFBCE909CC9D /* [CP] Check Pods Manifest.lock */,
				04B7E45228EAE6F90019A4F3 /* Resources */,
				04B7E47828EAE6FB0019A4F3 /* Embed App Extensions */,
				00F958000FADF7B7A4715BF9 /* Frameworks */,
			);
			buildRules = (
			);
			dependencies = (
				04B7E46528EAE6FA0019A4F3 /* PBXTargetDependency */,
			);
			name = "WarmUpKitMobile WatchKit App";
			productName = "WarmUpKitMobile WatchKit App";
			productReference = 04B7E45428EAE6F90019A4F3 /* WarmUpKitMobile WatchKit App.app */;
			productType = "com.apple.product-type.application.watchapp2";
		};
		04B7E46128EAE6FA0019A4F3 /* WarmUpKitMobile WatchKit Extension */ = {
			isa = PBXNativeTarget;
			buildConfigurationList = 04B7E47528EAE6FB0019A4F3 /* Build configuration list for PBXNativeTarget "WarmUpKitMobile WatchKit Extension" */;
			buildPhases = (
				0F1E801844AAC8ACDFC7D437 /* [CP] Check Pods Manifest.lock */,
				04B7E45E28EAE6FA0019A4F3 /* Sources */,
				04B7E45F28EAE6FA0019A4F3 /* Frameworks */,
				04B7E46028EAE6FA0019A4F3 /* Resources */,
			);
			buildRules = (
			);
			dependencies = (
			);
			name = "WarmUpKitMobile WatchKit Extension";
			productName = "WarmUpKitMobile WatchKit Extension";
			productReference = 04B7E46228EAE6FA0019A4F3 /* WarmUpKitMobile WatchKit Extension.appex */;
			productType = "com.apple.product-type.watchkit2-extension";
		};
/* End PBXNativeTarget section */

/* Begin PBXProject section */
		04B7E43828EAE6F70019A4F3 /* Project object */ = {
			isa = PBXProject;
			attributes = {
				BuildIndependentTargetsInParallel = 1;
				LastSwiftUpdateCheck = 1320;
				LastUpgradeCheck = 1320;
				TargetAttributes = {
					04B7E43F28EAE6F70019A4F3 = {
						CreatedOnToolsVersion = 13.2.1;
					};
					04B7E45328EAE6F90019A4F3 = {
						CreatedOnToolsVersion = 13.2.1;
					};
					04B7E46128EAE6FA0019A4F3 = {
						CreatedOnToolsVersion = 13.2.1;
					};
				};
			};
			buildConfigurationList = 04B7E43B28EAE6F70019A4F3 /* Build configuration list for PBXProject "WarmUpKitMobile" */;
			compatibilityVersion = "Xcode 13.0";
			developmentRegion = en;
			hasScannedForEncodings = 0;
			knownRegions = (
				en,
				Base,
			);
			mainGroup = 04B7E43728EAE6F70019A4F3;
			productRefGroup = 04B7E44128EAE6F70019A4F3 /* Products */;
			projectDirPath = "";
			projectRoot = "";
			targets = (
				04B7E43F28EAE6F70019A4F3 /* WarmUpKitMobile */,
				04B7E45328EAE6F90019A4F3 /* WarmUpKitMobile WatchKit App */,
				04B7E46128EAE6FA0019A4F3 /* WarmUpKitMobile WatchKit Extension */,
			);
		};
/* End PBXProject section */

/* Begin PBXResourcesBuildPhase section */
		04B7E43E28EAE6F70019A4F3 /* Resources */ = {
			isa = PBXResourcesBuildPhase;
			buildActionMask = 2147483647;
			files = (
				0404A8ED290D680E0070DAF1 /* BodyScannerViewController.storyboard in Resources */,
				0457D53C28F424C5006D059A /* StepSummaryView.xib in Resources */,
				04B7E45028EAE6F90019A4F3 /* LaunchScreen.storyboard in Resources */,
				04B7E44D28EAE6F90019A4F3 /* Assets.xcassets in Resources */,
				04B7E44B28EAE6F70019A4F3 /* Main.storyboard in Resources */,
				0440C99E28F6B3CB002E070A /* MainCardView.xib in Resources */,
			);
			runOnlyForDeploymentPostprocessing = 0;
		};
		04B7E45228EAE6F90019A4F3 /* Resources */ = {
			isa = PBXResourcesBuildPhase;
			buildActionMask = 2147483647;
			files = (
				04B7E45D28EAE6FA0019A4F3 /* Assets.xcassets in Resources */,
				04B7E45B28EAE6F90019A4F3 /* Interface.storyboard in Resources */,
			);
			runOnlyForDeploymentPostprocessing = 0;
		};
		04B7E46028EAE6FA0019A4F3 /* Resources */ = {
			isa = PBXResourcesBuildPhase;
			buildActionMask = 2147483647;
			files = (
				04B7E47028EAE6FB0019A4F3 /* Assets.xcassets in Resources */,
			);
			runOnlyForDeploymentPostprocessing = 0;
		};
/* End PBXResourcesBuildPhase section */

/* Begin PBXShellScriptBuildPhase section */
		05A670CF46C5660419052D6C /* [CP] Embed Pods Frameworks */ = {
			isa = PBXShellScriptBuildPhase;
			buildActionMask = 2147483647;
			files = (
			);
			inputFileListPaths = (
				"${PODS_ROOT}/Target Support Files/Pods-WarmUpKitMobile/Pods-WarmUpKitMobile-frameworks-${CONFIGURATION}-input-files.xcfilelist",
			);
			name = "[CP] Embed Pods Frameworks";
			outputFileListPaths = (
				"${PODS_ROOT}/Target Support Files/Pods-WarmUpKitMobile/Pods-WarmUpKitMobile-frameworks-${CONFIGURATION}-output-files.xcfilelist",
			);
			runOnlyForDeploymentPostprocessing = 0;
			shellPath = /bin/sh;
			shellScript = "\"${PODS_ROOT}/Target Support Files/Pods-WarmUpKitMobile/Pods-WarmUpKitMobile-frameworks.sh\"\n";
			showEnvVarsInLog = 0;
		};
		0F1E801844AAC8ACDFC7D437 /* [CP] Check Pods Manifest.lock */ = {
			isa = PBXShellScriptBuildPhase;
			buildActionMask = 2147483647;
			files = (
			);
			inputFileListPaths = (
			);
			inputPaths = (
				"${PODS_PODFILE_DIR_PATH}/Podfile.lock",
				"${PODS_ROOT}/Manifest.lock",
			);
			name = "[CP] Check Pods Manifest.lock";
			outputFileListPaths = (
			);
			outputPaths = (
				"$(DERIVED_FILE_DIR)/Pods-WarmUpKitMobile WatchKit Extension-checkManifestLockResult.txt",
			);
			runOnlyForDeploymentPostprocessing = 0;
			shellPath = /bin/sh;
			shellScript = "diff \"${PODS_PODFILE_DIR_PATH}/Podfile.lock\" \"${PODS_ROOT}/Manifest.lock\" > /dev/null\nif [ $? != 0 ] ; then\n    # print error to STDERR\n    echo \"error: The sandbox is not in sync with the Podfile.lock. Run 'pod install' or update your CocoaPods installation.\" >&2\n    exit 1\nfi\n# This output is used by Xcode 'outputs' to avoid re-running this script phase.\necho \"SUCCESS\" > \"${SCRIPT_OUTPUT_FILE_0}\"\n";
			showEnvVarsInLog = 0;
		};
		478882540C6DE9FB9721E223 /* [CP] Check Pods Manifest.lock */ = {
			isa = PBXShellScriptBuildPhase;
			buildActionMask = 2147483647;
			files = (
			);
			inputFileListPaths = (
			);
			inputPaths = (
				"${PODS_PODFILE_DIR_PATH}/Podfile.lock",
				"${PODS_ROOT}/Manifest.lock",
			);
			name = "[CP] Check Pods Manifest.lock";
			outputFileListPaths = (
			);
			outputPaths = (
				"$(DERIVED_FILE_DIR)/Pods-WarmUpKitMobile-checkManifestLockResult.txt",
			);
			runOnlyForDeploymentPostprocessing = 0;
			shellPath = /bin/sh;
			shellScript = "diff \"${PODS_PODFILE_DIR_PATH}/Podfile.lock\" \"${PODS_ROOT}/Manifest.lock\" > /dev/null\nif [ $? != 0 ] ; then\n    # print error to STDERR\n    echo \"error: The sandbox is not in sync with the Podfile.lock. Run 'pod install' or update your CocoaPods installation.\" >&2\n    exit 1\nfi\n# This output is used by Xcode 'outputs' to avoid re-running this script phase.\necho \"SUCCESS\" > \"${SCRIPT_OUTPUT_FILE_0}\"\n";
			showEnvVarsInLog = 0;
		};
		E429E17F6081FFBCE909CC9D /* [CP] Check Pods Manifest.lock */ = {
			isa = PBXShellScriptBuildPhase;
			buildActionMask = 2147483647;
			files = (
			);
			inputFileListPaths = (
			);
			inputPaths = (
				"${PODS_PODFILE_DIR_PATH}/Podfile.lock",
				"${PODS_ROOT}/Manifest.lock",
			);
			name = "[CP] Check Pods Manifest.lock";
			outputFileListPaths = (
			);
			outputPaths = (
				"$(DERIVED_FILE_DIR)/Pods-WarmUpKitMobile WatchKit App-checkManifestLockResult.txt",
			);
			runOnlyForDeploymentPostprocessing = 0;
			shellPath = /bin/sh;
			shellScript = "diff \"${PODS_PODFILE_DIR_PATH}/Podfile.lock\" \"${PODS_ROOT}/Manifest.lock\" > /dev/null\nif [ $? != 0 ] ; then\n    # print error to STDERR\n    echo \"error: The sandbox is not in sync with the Podfile.lock. Run 'pod install' or update your CocoaPods installation.\" >&2\n    exit 1\nfi\n# This output is used by Xcode 'outputs' to avoid re-running this script phase.\necho \"SUCCESS\" > \"${SCRIPT_OUTPUT_FILE_0}\"\n";
			showEnvVarsInLog = 0;
		};
/* End PBXShellScriptBuildPhase section */

/* Begin PBXSourcesBuildPhase section */
		04B7E43C28EAE6F70019A4F3 /* Sources */ = {
			isa = PBXSourcesBuildPhase;
			buildActionMask = 2147483647;
			files = (
				0433B58428ED76B900B821EF /* HealthKitManger.swift in Sources */,
				04B7E44828EAE6F70019A4F3 /* ViewController.swift in Sources */,
				0440C99728F6A9FF002E070A /* UIViewController+Extensions.swift in Sources */,
				0457D53B28F424C5006D059A /* StepSummaryView.swift in Sources */,
				0457D53828F420E1006D059A /* UIView+Extensions.swift in Sources */,
				0440C99928F6AF33002E070A /* NavigationController.swift in Sources */,
				0440C99B28F6AFB5002E070A /* NavigationBarStyleChangeable.swift in Sources */,
				0440C9A028F6B425002E070A /* MainCardView.swift in Sources */,
				04FA98DE28F188C700C117C2 /* HomePageViewModel.swift in Sources */,
				04B7E44428EAE6F70019A4F3 /* AppDelegate.swift in Sources */,
				04FA98D728F1783000C117C2 /* BodyScannerViewController.swift in Sources */,
				04FA98DB28F188A700C117C2 /* HomePageViewController.swift in Sources */,
				048E5DB628EFD8B800F9E1D8 /* HealthRecordViewController.swift in Sources */,
				04B7E44628EAE6F70019A4F3 /* SceneDelegate.swift in Sources */,
				04FA98E128F194F400C117C2 /* ColorCode.swift in Sources */,
				048E5DBB28EFDCF900F9E1D8 /* HealthRecordViewModel.swift in Sources */,
			);
			runOnlyForDeploymentPostprocessing = 0;
		};
		04B7E45E28EAE6FA0019A4F3 /* Sources */ = {
			isa = PBXSourcesBuildPhase;
			buildActionMask = 2147483647;
			files = (
				04113421290629DD00A5D2A3 /* HealthKitManger.swift in Sources */,
				04B7E46C28EAE6FA0019A4F3 /* NotificationController.swift in Sources */,
				04B7E46E28EAE6FA0019A4F3 /* ComplicationController.swift in Sources */,
				04B7E46A28EAE6FA0019A4F3 /* ExtensionDelegate.swift in Sources */,
				04B7E46828EAE6FA0019A4F3 /* InterfaceController.swift in Sources */,
			);
			runOnlyForDeploymentPostprocessing = 0;
		};
/* End PBXSourcesBuildPhase section */

/* Begin PBXTargetDependency section */
		04B7E45728EAE6F90019A4F3 /* PBXTargetDependency */ = {
			isa = PBXTargetDependency;
			target = 04B7E45328EAE6F90019A4F3 /* WarmUpKitMobile WatchKit App */;
			targetProxy = 04B7E45628EAE6F90019A4F3 /* PBXContainerItemProxy */;
		};
		04B7E46528EAE6FA0019A4F3 /* PBXTargetDependency */ = {
			isa = PBXTargetDependency;
			target = 04B7E46128EAE6FA0019A4F3 /* WarmUpKitMobile WatchKit Extension */;
			targetProxy = 04B7E46428EAE6FA0019A4F3 /* PBXContainerItemProxy */;
		};
/* End PBXTargetDependency section */

/* Begin PBXVariantGroup section */
		04B7E44928EAE6F70019A4F3 /* Main.storyboard */ = {
			isa = PBXVariantGroup;
			children = (
				04B7E44A28EAE6F70019A4F3 /* Base */,
			);
			name = Main.storyboard;
			sourceTree = "<group>";
		};
		04B7E44E28EAE6F90019A4F3 /* LaunchScreen.storyboard */ = {
			isa = PBXVariantGroup;
			children = (
				04B7E44F28EAE6F90019A4F3 /* Base */,
			);
			name = LaunchScreen.storyboard;
			sourceTree = "<group>";
		};
		04B7E45928EAE6F90019A4F3 /* Interface.storyboard */ = {
			isa = PBXVariantGroup;
			children = (
				04B7E45A28EAE6F90019A4F3 /* Base */,
			);
			name = Interface.storyboard;
			sourceTree = "<group>";
		};
/* End PBXVariantGroup section */

/* Begin XCBuildConfiguration section */
		04B7E47328EAE6FB0019A4F3 /* Debug */ = {
			isa = XCBuildConfiguration;
			buildSettings = {
				ALWAYS_SEARCH_USER_PATHS = NO;
				CLANG_ANALYZER_NONNULL = YES;
				CLANG_ANALYZER_NUMBER_OBJECT_CONVERSION = YES_AGGRESSIVE;
				CLANG_CXX_LANGUAGE_STANDARD = "gnu++17";
				CLANG_CXX_LIBRARY = "libc++";
				CLANG_ENABLE_MODULES = YES;
				CLANG_ENABLE_OBJC_ARC = YES;
				CLANG_ENABLE_OBJC_WEAK = YES;
				CLANG_WARN_BLOCK_CAPTURE_AUTORELEASING = YES;
				CLANG_WARN_BOOL_CONVERSION = YES;
				CLANG_WARN_COMMA = YES;
				CLANG_WARN_CONSTANT_CONVERSION = YES;
				CLANG_WARN_DEPRECATED_OBJC_IMPLEMENTATIONS = YES;
				CLANG_WARN_DIRECT_OBJC_ISA_USAGE = YES_ERROR;
				CLANG_WARN_DOCUMENTATION_COMMENTS = YES;
				CLANG_WARN_EMPTY_BODY = YES;
				CLANG_WARN_ENUM_CONVERSION = YES;
				CLANG_WARN_INFINITE_RECURSION = YES;
				CLANG_WARN_INT_CONVERSION = YES;
				CLANG_WARN_NON_LITERAL_NULL_CONVERSION = YES;
				CLANG_WARN_OBJC_IMPLICIT_RETAIN_SELF = YES;
				CLANG_WARN_OBJC_LITERAL_CONVERSION = YES;
				CLANG_WARN_OBJC_ROOT_CLASS = YES_ERROR;
				CLANG_WARN_QUOTED_INCLUDE_IN_FRAMEWORK_HEADER = YES;
				CLANG_WARN_RANGE_LOOP_ANALYSIS = YES;
				CLANG_WARN_STRICT_PROTOTYPES = YES;
				CLANG_WARN_SUSPICIOUS_MOVE = YES;
				CLANG_WARN_UNGUARDED_AVAILABILITY = YES_AGGRESSIVE;
				CLANG_WARN_UNREACHABLE_CODE = YES;
				CLANG_WARN__DUPLICATE_METHOD_MATCH = YES;
				COPY_PHASE_STRIP = NO;
				DEBUG_INFORMATION_FORMAT = dwarf;
				ENABLE_STRICT_OBJC_MSGSEND = YES;
				ENABLE_TESTABILITY = YES;
				GCC_C_LANGUAGE_STANDARD = gnu11;
				GCC_DYNAMIC_NO_PIC = NO;
				GCC_NO_COMMON_BLOCKS = YES;
				GCC_OPTIMIZATION_LEVEL = 0;
				GCC_PREPROCESSOR_DEFINITIONS = (
					"DEBUG=1",
					"$(inherited)",
				);
				GCC_WARN_64_TO_32_BIT_CONVERSION = YES;
				GCC_WARN_ABOUT_RETURN_TYPE = YES_ERROR;
				GCC_WARN_UNDECLARED_SELECTOR = YES;
				GCC_WARN_UNINITIALIZED_AUTOS = YES_AGGRESSIVE;
				GCC_WARN_UNUSED_FUNCTION = YES;
				GCC_WARN_UNUSED_VARIABLE = YES;
				MTL_ENABLE_DEBUG_INFO = INCLUDE_SOURCE;
				MTL_FAST_MATH = YES;
				ONLY_ACTIVE_ARCH = YES;
				SWIFT_ACTIVE_COMPILATION_CONDITIONS = DEBUG;
				SWIFT_OPTIMIZATION_LEVEL = "-Onone";
			};
			name = Debug;
		};
		04B7E47428EAE6FB0019A4F3 /* Release */ = {
			isa = XCBuildConfiguration;
			buildSettings = {
				ALWAYS_SEARCH_USER_PATHS = NO;
				CLANG_ANALYZER_NONNULL = YES;
				CLANG_ANALYZER_NUMBER_OBJECT_CONVERSION = YES_AGGRESSIVE;
				CLANG_CXX_LANGUAGE_STANDARD = "gnu++17";
				CLANG_CXX_LIBRARY = "libc++";
				CLANG_ENABLE_MODULES = YES;
				CLANG_ENABLE_OBJC_ARC = YES;
				CLANG_ENABLE_OBJC_WEAK = YES;
				CLANG_WARN_BLOCK_CAPTURE_AUTORELEASING = YES;
				CLANG_WARN_BOOL_CONVERSION = YES;
				CLANG_WARN_COMMA = YES;
				CLANG_WARN_CONSTANT_CONVERSION = YES;
				CLANG_WARN_DEPRECATED_OBJC_IMPLEMENTATIONS = YES;
				CLANG_WARN_DIRECT_OBJC_ISA_USAGE = YES_ERROR;
				CLANG_WARN_DOCUMENTATION_COMMENTS = YES;
				CLANG_WARN_EMPTY_BODY = YES;
				CLANG_WARN_ENUM_CONVERSION = YES;
				CLANG_WARN_INFINITE_RECURSION = YES;
				CLANG_WARN_INT_CONVERSION = YES;
				CLANG_WARN_NON_LITERAL_NULL_CONVERSION = YES;
				CLANG_WARN_OBJC_IMPLICIT_RETAIN_SELF = YES;
				CLANG_WARN_OBJC_LITERAL_CONVERSION = YES;
				CLANG_WARN_OBJC_ROOT_CLASS = YES_ERROR;
				CLANG_WARN_QUOTED_INCLUDE_IN_FRAMEWORK_HEADER = YES;
				CLANG_WARN_RANGE_LOOP_ANALYSIS = YES;
				CLANG_WARN_STRICT_PROTOTYPES = YES;
				CLANG_WARN_SUSPICIOUS_MOVE = YES;
				CLANG_WARN_UNGUARDED_AVAILABILITY = YES_AGGRESSIVE;
				CLANG_WARN_UNREACHABLE_CODE = YES;
				CLANG_WARN__DUPLICATE_METHOD_MATCH = YES;
				COPY_PHASE_STRIP = NO;
				DEBUG_INFORMATION_FORMAT = "dwarf-with-dsym";
				ENABLE_NS_ASSERTIONS = NO;
				ENABLE_STRICT_OBJC_MSGSEND = YES;
				GCC_C_LANGUAGE_STANDARD = gnu11;
				GCC_NO_COMMON_BLOCKS = YES;
				GCC_WARN_64_TO_32_BIT_CONVERSION = YES;
				GCC_WARN_ABOUT_RETURN_TYPE = YES_ERROR;
				GCC_WARN_UNDECLARED_SELECTOR = YES;
				GCC_WARN_UNINITIALIZED_AUTOS = YES_AGGRESSIVE;
				GCC_WARN_UNUSED_FUNCTION = YES;
				GCC_WARN_UNUSED_VARIABLE = YES;
				MTL_ENABLE_DEBUG_INFO = NO;
				MTL_FAST_MATH = YES;
				SWIFT_COMPILATION_MODE = wholemodule;
				SWIFT_OPTIMIZATION_LEVEL = "-O";
			};
			name = Release;
		};
		04B7E47628EAE6FB0019A4F3 /* Debug */ = {
			isa = XCBuildConfiguration;
			baseConfigurationReference = 6614F1318DEB7455E2E2CC8A /* Pods-WarmUpKitMobile WatchKit Extension.debug.xcconfig */;
			buildSettings = {
				ASSETCATALOG_COMPILER_COMPLICATION_NAME = Complication;
				CODE_SIGN_ENTITLEMENTS = "WarmUpKitMobile WatchKit Extension/WarmUpKitMobile WatchKit Extension.entitlements";
				CODE_SIGN_STYLE = Automatic;
				CURRENT_PROJECT_VERSION = 1;
				DEVELOPMENT_TEAM = N872GC5833;
				GENERATE_INFOPLIST_FILE = YES;
				INFOPLIST_FILE = "WarmUpKitMobile WatchKit Extension/Info.plist";
				INFOPLIST_KEY_CFBundleDisplayName = "WarmUpKitMobile WatchKit Extension";
				INFOPLIST_KEY_CLKComplicationPrincipalClass = WarmUpKitMobile_WatchKit_Extension.ComplicationController;
				INFOPLIST_KEY_NSCameraUsageDescription = NSCameraUsageDescription;
				INFOPLIST_KEY_NSHealthClinicalHealthRecordsShareUsageDescription = "Visit \"Health\" and read the number of steps";
				INFOPLIST_KEY_NSHealthShareUsageDescription = "Visit \"Health\" and read the number of steps";
				INFOPLIST_KEY_NSHealthUpdateUsageDescription = "Visit \"Health\" and read the number of steps";
				INFOPLIST_KEY_NSHumanReadableCopyright = "";
				INFOPLIST_KEY_WKExtensionDelegateClassName = WarmUpKitMobile_WatchKit_Extension.ExtensionDelegate;
				INFOPLIST_KEY_WKRunsIndependentlyOfCompanionApp = NO;
				LD_RUNPATH_SEARCH_PATHS = (
					"$(inherited)",
					"@executable_path/Frameworks",
					"@executable_path/../../Frameworks",
				);
				MARKETING_VERSION = 1.0;
				PRODUCT_BUNDLE_IDENTIFIER = WarmUpKit.WarmUpKitMobile.watchkitapp.watchkitextension;
				PRODUCT_NAME = "${TARGET_NAME}";
				SDKROOT = watchos;
				SKIP_INSTALL = YES;
				SWIFT_EMIT_LOC_STRINGS = YES;
				SWIFT_VERSION = 5.0;
				TARGETED_DEVICE_FAMILY = 4;
				WATCHOS_DEPLOYMENT_TARGET = 8.3;
			};
			name = Debug;
		};
		04B7E47728EAE6FB0019A4F3 /* Release */ = {
			isa = XCBuildConfiguration;
			baseConfigurationReference = 350E08F071B90C7D42226E9B /* Pods-WarmUpKitMobile WatchKit Extension.release.xcconfig */;
			buildSettings = {
				ASSETCATALOG_COMPILER_COMPLICATION_NAME = Complication;
				CODE_SIGN_ENTITLEMENTS = "WarmUpKitMobile WatchKit Extension/WarmUpKitMobile WatchKit Extension.entitlements";
				CODE_SIGN_STYLE = Automatic;
				CURRENT_PROJECT_VERSION = 1;
				DEVELOPMENT_TEAM = N872GC5833;
				GENERATE_INFOPLIST_FILE = YES;
				INFOPLIST_FILE = "WarmUpKitMobile WatchKit Extension/Info.plist";
				INFOPLIST_KEY_CFBundleDisplayName = "WarmUpKitMobile WatchKit Extension";
				INFOPLIST_KEY_CLKComplicationPrincipalClass = WarmUpKitMobile_WatchKit_Extension.ComplicationController;
				INFOPLIST_KEY_NSCameraUsageDescription = NSCameraUsageDescription;
				INFOPLIST_KEY_NSHealthClinicalHealthRecordsShareUsageDescription = "Visit \"Health\" and read the number of steps";
				INFOPLIST_KEY_NSHealthShareUsageDescription = "Visit \"Health\" and read the number of steps";
				INFOPLIST_KEY_NSHealthUpdateUsageDescription = "Visit \"Health\" and read the number of steps";
				INFOPLIST_KEY_NSHumanReadableCopyright = "";
				INFOPLIST_KEY_WKExtensionDelegateClassName = WarmUpKitMobile_WatchKit_Extension.ExtensionDelegate;
				INFOPLIST_KEY_WKRunsIndependentlyOfCompanionApp = NO;
				LD_RUNPATH_SEARCH_PATHS = (
					"$(inherited)",
					"@executable_path/Frameworks",
					"@executable_path/../../Frameworks",
				);
				MARKETING_VERSION = 1.0;
				PRODUCT_BUNDLE_IDENTIFIER = WarmUpKit.WarmUpKitMobile.watchkitapp.watchkitextension;
				PRODUCT_NAME = "${TARGET_NAME}";
				SDKROOT = watchos;
				SKIP_INSTALL = YES;
				SWIFT_EMIT_LOC_STRINGS = YES;
				SWIFT_VERSION = 5.0;
				TARGETED_DEVICE_FAMILY = 4;
				VALIDATE_PRODUCT = YES;
				WATCHOS_DEPLOYMENT_TARGET = 8.3;
			};
			name = Release;
		};
		04B7E47A28EAE6FB0019A4F3 /* Debug */ = {
			isa = XCBuildConfiguration;
			baseConfigurationReference = E2863629A909B620400E88E7 /* Pods-WarmUpKitMobile WatchKit App.debug.xcconfig */;
			buildSettings = {
				ALWAYS_EMBED_SWIFT_STANDARD_LIBRARIES = YES;
				ASSETCATALOG_COMPILER_APPICON_NAME = AppIcon;
				ASSETCATALOG_COMPILER_GLOBAL_ACCENT_COLOR_NAME = AccentColor;
				CODE_SIGN_STYLE = Automatic;
				CURRENT_PROJECT_VERSION = 1;
				DEVELOPMENT_TEAM = N872GC5833;
				GENERATE_INFOPLIST_FILE = YES;
				IBSC_MODULE = WarmUpKitMobile_WatchKit_Extension;
				INFOPLIST_KEY_CFBundleDisplayName = "WarmUpKitMobile WatchKit App";
				INFOPLIST_KEY_UISupportedInterfaceOrientations = "UIInterfaceOrientationPortrait UIInterfaceOrientationPortraitUpsideDown";
				INFOPLIST_KEY_WKCompanionAppBundleIdentifier = WarmUpKit.WarmUpKitMobile;
				MARKETING_VERSION = 1.0;
				PRODUCT_BUNDLE_IDENTIFIER = WarmUpKit.WarmUpKitMobile.watchkitapp;
				PRODUCT_NAME = "$(TARGET_NAME)";
				SDKROOT = watchos;
				SKIP_INSTALL = YES;
				SWIFT_EMIT_LOC_STRINGS = YES;
				SWIFT_VERSION = 5.0;
				TARGETED_DEVICE_FAMILY = 4;
				WATCHOS_DEPLOYMENT_TARGET = 8.3;
			};
			name = Debug;
		};
		04B7E47B28EAE6FB0019A4F3 /* Release */ = {
			isa = XCBuildConfiguration;
			baseConfigurationReference = 6F9AFBCE3A72ACA68AAD7B7F /* Pods-WarmUpKitMobile WatchKit App.release.xcconfig */;
			buildSettings = {
				ALWAYS_EMBED_SWIFT_STANDARD_LIBRARIES = YES;
				ASSETCATALOG_COMPILER_APPICON_NAME = AppIcon;
				ASSETCATALOG_COMPILER_GLOBAL_ACCENT_COLOR_NAME = AccentColor;
				CODE_SIGN_STYLE = Automatic;
				CURRENT_PROJECT_VERSION = 1;
				DEVELOPMENT_TEAM = N872GC5833;
				GENERATE_INFOPLIST_FILE = YES;
				IBSC_MODULE = WarmUpKitMobile_WatchKit_Extension;
				INFOPLIST_KEY_CFBundleDisplayName = "WarmUpKitMobile WatchKit App";
				INFOPLIST_KEY_UISupportedInterfaceOrientations = "UIInterfaceOrientationPortrait UIInterfaceOrientationPortraitUpsideDown";
				INFOPLIST_KEY_WKCompanionAppBundleIdentifier = WarmUpKit.WarmUpKitMobile;
				MARKETING_VERSION = 1.0;
				PRODUCT_BUNDLE_IDENTIFIER = WarmUpKit.WarmUpKitMobile.watchkitapp;
				PRODUCT_NAME = "$(TARGET_NAME)";
				SDKROOT = watchos;
				SKIP_INSTALL = YES;
				SWIFT_EMIT_LOC_STRINGS = YES;
				SWIFT_VERSION = 5.0;
				TARGETED_DEVICE_FAMILY = 4;
				VALIDATE_PRODUCT = YES;
				WATCHOS_DEPLOYMENT_TARGET = 8.3;
			};
			name = Release;
		};
		04B7E47E28EAE6FB0019A4F3 /* Debug */ = {
			isa = XCBuildConfiguration;
			baseConfigurationReference = 731D9F6FEC51510D3AD833A4 /* Pods-WarmUpKitMobile.debug.xcconfig */;
			buildSettings = {
				ASSETCATALOG_COMPILER_APPICON_NAME = AppIcon;
				ASSETCATALOG_COMPILER_GLOBAL_ACCENT_COLOR_NAME = AccentColor;
				CODE_SIGN_ENTITLEMENTS = WarmUpKitMobile/WarmUpKitMobile.entitlements;
				CODE_SIGN_STYLE = Automatic;
				CURRENT_PROJECT_VERSION = 1;
				DEVELOPMENT_TEAM = N872GC5833;
				GENERATE_INFOPLIST_FILE = YES;
				INFOPLIST_FILE = WarmUpKitMobile/Info.plist;
				INFOPLIST_KEY_NSCameraUsageDescription = NSCameraUsageDescription;
				INFOPLIST_KEY_NSHealthClinicalHealthRecordsShareUsageDescription = "Visit \"Health\" and read the number of steps";
				INFOPLIST_KEY_NSHealthShareUsageDescription = "Visit \"Health\" and read the number of steps";
				INFOPLIST_KEY_NSHealthUpdateUsageDescription = "Visit \"Health\" and read the number of steps";
				INFOPLIST_KEY_UIApplicationSupportsIndirectInputEvents = YES;
				INFOPLIST_KEY_UILaunchStoryboardName = LaunchScreen;
				INFOPLIST_KEY_UIMainStoryboardFile = Main;
				INFOPLIST_KEY_UISupportedInterfaceOrientations = UIInterfaceOrientationPortrait;
				INFOPLIST_KEY_UISupportedInterfaceOrientations_iPad = "UIInterfaceOrientationPortrait UIInterfaceOrientationPortraitUpsideDown UIInterfaceOrientationLandscapeLeft UIInterfaceOrientationLandscapeRight";
				INFOPLIST_KEY_UISupportedInterfaceOrientations_iPhone = "UIInterfaceOrientationPortrait UIInterfaceOrientationLandscapeLeft UIInterfaceOrientationLandscapeRight";
				IPHONEOS_DEPLOYMENT_TARGET = 15.2;
				LD_RUNPATH_SEARCH_PATHS = (
					"$(inherited)",
					"@executable_path/Frameworks",
				);
				MARKETING_VERSION = 1.0;
				PRODUCT_BUNDLE_IDENTIFIER = WarmUpKit.WarmUpKitMobile;
				PRODUCT_NAME = "$(TARGET_NAME)";
				SDKROOT = iphoneos;
				SWIFT_EMIT_LOC_STRINGS = YES;
				SWIFT_VERSION = 5.0;
				TARGETED_DEVICE_FAMILY = 1;
			};
			name = Debug;
		};
		04B7E47F28EAE6FB0019A4F3 /* Release */ = {
			isa = XCBuildConfiguration;
			baseConfigurationReference = 0F3300CEAAAE2FCE53A74D88 /* Pods-WarmUpKitMobile.release.xcconfig */;
			buildSettings = {
				ASSETCATALOG_COMPILER_APPICON_NAME = AppIcon;
				ASSETCATALOG_COMPILER_GLOBAL_ACCENT_COLOR_NAME = AccentColor;
				CODE_SIGN_ENTITLEMENTS = WarmUpKitMobile/WarmUpKitMobile.entitlements;
				CODE_SIGN_STYLE = Automatic;
				CURRENT_PROJECT_VERSION = 1;
				DEVELOPMENT_TEAM = N872GC5833;
				GENERATE_INFOPLIST_FILE = YES;
				INFOPLIST_FILE = WarmUpKitMobile/Info.plist;
				INFOPLIST_KEY_NSCameraUsageDescription = NSCameraUsageDescription;
				INFOPLIST_KEY_NSHealthClinicalHealthRecordsShareUsageDescription = "Visit \"Health\" and read the number of steps";
				INFOPLIST_KEY_NSHealthShareUsageDescription = "Visit \"Health\" and read the number of steps";
				INFOPLIST_KEY_NSHealthUpdateUsageDescription = "Visit \"Health\" and read the number of steps";
				INFOPLIST_KEY_UIApplicationSupportsIndirectInputEvents = YES;
				INFOPLIST_KEY_UILaunchStoryboardName = LaunchScreen;
				INFOPLIST_KEY_UIMainStoryboardFile = Main;
				INFOPLIST_KEY_UISupportedInterfaceOrientations = UIInterfaceOrientationPortrait;
				INFOPLIST_KEY_UISupportedInterfaceOrientations_iPad = "UIInterfaceOrientationPortrait UIInterfaceOrientationPortraitUpsideDown UIInterfaceOrientationLandscapeLeft UIInterfaceOrientationLandscapeRight";
				INFOPLIST_KEY_UISupportedInterfaceOrientations_iPhone = "UIInterfaceOrientationPortrait UIInterfaceOrientationLandscapeLeft UIInterfaceOrientationLandscapeRight";
				IPHONEOS_DEPLOYMENT_TARGET = 15.2;
				LD_RUNPATH_SEARCH_PATHS = (
					"$(inherited)",
					"@executable_path/Frameworks",
				);
				MARKETING_VERSION = 1.0;
				PRODUCT_BUNDLE_IDENTIFIER = WarmUpKit.WarmUpKitMobile;
				PRODUCT_NAME = "$(TARGET_NAME)";
				SDKROOT = iphoneos;
				SWIFT_EMIT_LOC_STRINGS = YES;
				SWIFT_VERSION = 5.0;
				TARGETED_DEVICE_FAMILY = 1;
				VALIDATE_PRODUCT = YES;
			};
			name = Release;
		};
/* End XCBuildConfiguration section */

/* Begin XCConfigurationList section */
		04B7E43B28EAE6F70019A4F3 /* Build configuration list for PBXProject "WarmUpKitMobile" */ = {
			isa = XCConfigurationList;
			buildConfigurations = (
				04B7E47328EAE6FB0019A4F3 /* Debug */,
				04B7E47428EAE6FB0019A4F3 /* Release */,
			);
			defaultConfigurationIsVisible = 0;
			defaultConfigurationName = Release;
		};
		04B7E47528EAE6FB0019A4F3 /* Build configuration list for PBXNativeTarget "WarmUpKitMobile WatchKit Extension" */ = {
			isa = XCConfigurationList;
			buildConfigurations = (
				04B7E47628EAE6FB0019A4F3 /* Debug */,
				04B7E47728EAE6FB0019A4F3 /* Release */,
			);
			defaultConfigurationIsVisible = 0;
			defaultConfigurationName = Release;
		};
		04B7E47928EAE6FB0019A4F3 /* Build configuration list for PBXNativeTarget "WarmUpKitMobile WatchKit App" */ = {
			isa = XCConfigurationList;
			buildConfigurations = (
				04B7E47A28EAE6FB0019A4F3 /* Debug */,
				04B7E47B28EAE6FB0019A4F3 /* Release */,
			);
			defaultConfigurationIsVisible = 0;
			defaultConfigurationName = Release;
		};
		04B7E47D28EAE6FB0019A4F3 /* Build configuration list for PBXNativeTarget "WarmUpKitMobile" */ = {
			isa = XCConfigurationList;
			buildConfigurations = (
				04B7E47E28EAE6FB0019A4F3 /* Debug */,
				04B7E47F28EAE6FB0019A4F3 /* Release */,
			);
			defaultConfigurationIsVisible = 0;
			defaultConfigurationName = Release;
		};
/* End XCConfigurationList section */
	};
	rootObject = 04B7E43828EAE6F70019A4F3 /* Project object */;
}
